// !$*UTF8*$!
{
	archiveVersion = 1;
	classes = {
	};
	objectVersion = 46;
	objects = {

/* Begin PBXBuildFile section */
		D50B950E1CCE08E600F229DB /* RYQuestionTableViewController.m in Sources */ = {isa = PBXBuildFile; fileRef = D50B950D1CCE08E600F229DB /* RYQuestionTableViewController.m */; };
		D50B95191CCE0B2000F229DB /* RYArrowSettingItem.m in Sources */ = {isa = PBXBuildFile; fileRef = D50B95121CCE0B2000F229DB /* RYArrowSettingItem.m */; };
		D50B951A1CCE0B2000F229DB /* RYSettingItem.m in Sources */ = {isa = PBXBuildFile; fileRef = D50B95141CCE0B2000F229DB /* RYSettingItem.m */; };
		D50B951B1CCE0B2000F229DB /* RYSettingItemGroup.m in Sources */ = {isa = PBXBuildFile; fileRef = D50B95161CCE0B2000F229DB /* RYSettingItemGroup.m */; };
		D50B951C1CCE0B2000F229DB /* RYSwitchSettingItem.m in Sources */ = {isa = PBXBuildFile; fileRef = D50B95181CCE0B2000F229DB /* RYSwitchSettingItem.m */; };
		D50B95401CCE0B8900F229DB /* cywt.json in Resources */ = {isa = PBXBuildFile; fileRef = D50B951E1CCE0B8900F229DB /* cywt.json */; };
		D50B95411CCE0B8900F229DB /* help.json in Resources */ = {isa = PBXBuildFile; fileRef = D50B951F1CCE0B8900F229DB /* help.json */; };
		D50B95421CCE0B8900F229DB /* more_project.json in Resources */ = {isa = PBXBuildFile; fileRef = D50B95201CCE0B8900F229DB /* more_project.json */; };
		D50B95431CCE0B8900F229DB /* products.json in Resources */ = {isa = PBXBuildFile; fileRef = D50B95211CCE0B8900F229DB /* products.json */; };
		D50B95441CCE0B8900F229DB /* bjdc_howto.html in Resources */ = {isa = PBXBuildFile; fileRef = D50B95231CCE0B8900F229DB /* bjdc_howto.html */; };
		D50B95451CCE0B8900F229DB /* coupon_help.html in Resources */ = {isa = PBXBuildFile; fileRef = D50B95241CCE0B8900F229DB /* coupon_help.html */; };
		D50B95461CCE0B8900F229DB /* credit_help.html in Resources */ = {isa = PBXBuildFile; fileRef = D50B95251CCE0B8900F229DB /* credit_help.html */; };
		D50B95471CCE0B8900F229DB /* dlt_howto.html in Resources */ = {isa = PBXBuildFile; fileRef = D50B95261CCE0B8900F229DB /* dlt_howto.html */; };
		D50B95481CCE0B8900F229DB /* f9_howto.html in Resources */ = {isa = PBXBuildFile; fileRef = D50B95271CCE0B8900F229DB /* f9_howto.html */; };
		D50B95491CCE0B8900F229DB /* gdy11_howto.html in Resources */ = {isa = PBXBuildFile; fileRef = D50B95281CCE0B8900F229DB /* gdy11_howto.html */; };
		D50B954A1CCE0B8900F229DB /* group_record.html in Resources */ = {isa = PBXBuildFile; fileRef = D50B95291CCE0B8900F229DB /* group_record.html */; };
		D50B954B1CCE0B8900F229DB /* help.html in Resources */ = {isa = PBXBuildFile; fileRef = D50B952A1CCE0B8900F229DB /* help.html */; };
		D50B954C1CCE0B8900F229DB /* helpGroupBuy.html in Resources */ = {isa = PBXBuildFile; fileRef = D50B952B1CCE0B8900F229DB /* helpGroupBuy.html */; };
		D50B954D1CCE0B8900F229DB /* jclq_howto.html in Resources */ = {isa = PBXBuildFile; fileRef = D50B952C1CCE0B8900F229DB /* jclq_howto.html */; };
		D50B954E1CCE0B8900F229DB /* jczq_howto.html in Resources */ = {isa = PBXBuildFile; fileRef = D50B952D1CCE0B8900F229DB /* jczq_howto.html */; };
		D50B954F1CCE0B8900F229DB /* jxssc_howto.html in Resources */ = {isa = PBXBuildFile; fileRef = D50B952E1CCE0B8900F229DB /* jxssc_howto.html */; };
		D50B95501CCE0B8900F229DB /* jxy11_howto.html in Resources */ = {isa = PBXBuildFile; fileRef = D50B952F1CCE0B8900F229DB /* jxy11_howto.html */; };
		D50B95511CCE0B8900F229DB /* k2_howto.html in Resources */ = {isa = PBXBuildFile; fileRef = D50B95301CCE0B8900F229DB /* k2_howto.html */; };
		D50B95521CCE0B8900F229DB /* k3_howto.html in Resources */ = {isa = PBXBuildFile; fileRef = D50B95311CCE0B8900F229DB /* k3_howto.html */; };
		D50B95531CCE0B8900F229DB /* kl8_howto.html in Resources */ = {isa = PBXBuildFile; fileRef = D50B95321CCE0B8900F229DB /* kl8_howto.html */; };
		D50B95541CCE0B8900F229DB /* lk11_howto.html in Resources */ = {isa = PBXBuildFile; fileRef = D50B95331CCE0B8900F229DB /* lk11_howto.html */; };
		D50B95551CCE0B8900F229DB /* networkconnectedfailed.html in Resources */ = {isa = PBXBuildFile; fileRef = D50B95341CCE0B8900F229DB /* networkconnectedfailed.html */; };
		D50B95561CCE0B8900F229DB /* pl3_howto.html in Resources */ = {isa = PBXBuildFile; fileRef = D50B95351CCE0B8900F229DB /* pl3_howto.html */; };
		D50B95571CCE0B8900F229DB /* pl5_howto.html in Resources */ = {isa = PBXBuildFile; fileRef = D50B95361CCE0B8900F229DB /* pl5_howto.html */; };
		D50B95581CCE0B8900F229DB /* qlc_howto.html in Resources */ = {isa = PBXBuildFile; fileRef = D50B95371CCE0B8900F229DB /* qlc_howto.html */; };
		D50B95591CCE0B8900F229DB /* qxc_howto.html in Resources */ = {isa = PBXBuildFile; fileRef = D50B95381CCE0B8900F229DB /* qxc_howto.html */; };
		D50B955A1CCE0B8900F229DB /* rule.css in Resources */ = {isa = PBXBuildFile; fileRef = D50B95391CCE0B8900F229DB /* rule.css */; };
		D50B955B1CCE0B8900F229DB /* sfc_howto.html in Resources */ = {isa = PBXBuildFile; fileRef = D50B953A1CCE0B8900F229DB /* sfc_howto.html */; };
		D50B955C1CCE0B8900F229DB /* ssc_howto.html in Resources */ = {isa = PBXBuildFile; fileRef = D50B953B1CCE0B8900F229DB /* ssc_howto.html */; };
		D50B955D1CCE0B8900F229DB /* ssq_howto.html in Resources */ = {isa = PBXBuildFile; fileRef = D50B953C1CCE0B8900F229DB /* ssq_howto.html */; };
		D50B955E1CCE0B8900F229DB /* x3d_howto.html in Resources */ = {isa = PBXBuildFile; fileRef = D50B953D1CCE0B8900F229DB /* x3d_howto.html */; };
		D50B955F1CCE0B8900F229DB /* y11_howto.html in Resources */ = {isa = PBXBuildFile; fileRef = D50B953E1CCE0B8900F229DB /* y11_howto.html */; };
		D50B95601CCE0B8900F229DB /* znzh.html in Resources */ = {isa = PBXBuildFile; fileRef = D50B953F1CCE0B8900F229DB /* znzh.html */; };
		D50B95631CCE0BF700F229DB /* RYBaseModel.m in Sources */ = {isa = PBXBuildFile; fileRef = D50B95621CCE0BF700F229DB /* RYBaseModel.m */; };
		D50B95661CCE0C1900F229DB /* RYQuestionModel.m in Sources */ = {isa = PBXBuildFile; fileRef = D50B95651CCE0C1900F229DB /* RYQuestionModel.m */; };
		D50B95691CCE1DB800F229DB /* NSObject+Model.m in Sources */ = {isa = PBXBuildFile; fileRef = D50B95681CCE1DB800F229DB /* NSObject+Model.m */; };
		D5196A161CC3CB9800D781E7 /* RYPopMenuView.m in Sources */ = {isa = PBXBuildFile; fileRef = D5196A151CC3CB9800D781E7 /* RYPopMenuView.m */; };
		D5196A191CC3CC6800D781E7 /* RYPopMenuItemModel.m in Sources */ = {isa = PBXBuildFile; fileRef = D5196A181CC3CC6800D781E7 /* RYPopMenuItemModel.m */; };
		D59D2F841CC5BD0800BD186B /* RYDivideLineView.m in Sources */ = {isa = PBXBuildFile; fileRef = D59D2F831CC5BD0800BD186B /* RYDivideLineView.m */; };
		D59D2F8D1CC60DFC00BD186B /* RYArenaNavigationController.m in Sources */ = {isa = PBXBuildFile; fileRef = D59D2F8C1CC60DFC00BD186B /* RYArenaNavigationController.m */; };
		D59D2F8F1CC61CC200BD186B /* RYDiscoverTableViewController.storyboard in Resources */ = {isa = PBXBuildFile; fileRef = D59D2F8E1CC61CC200BD186B /* RYDiscoverTableViewController.storyboard */; };
		D59D2F921CC625F000BD186B /* RYGroupBuyTableViewController.m in Sources */ = {isa = PBXBuildFile; fileRef = D59D2F911CC625F000BD186B /* RYGroupBuyTableViewController.m */; };
		D59D2F981CC627F500BD186B /* RYTitleButton.m in Sources */ = {isa = PBXBuildFile; fileRef = D59D2F971CC627F500BD186B /* RYTitleButton.m */; };
		D59D2F9B1CC6351300BD186B /* RYLuckyNumberView.m in Sources */ = {isa = PBXBuildFile; fileRef = D59D2F9A1CC6351300BD186B /* RYLuckyNumberView.m */; };
		D59D2F9E1CC6369400BD186B /* RYLuckyNumberViewController.m in Sources */ = {isa = PBXBuildFile; fileRef = D59D2F9D1CC6369400BD186B /* RYLuckyNumberViewController.m */; };
		D59D8F461CC7BF8400E21CAA /* RYSettingTableViewController.m in Sources */ = {isa = PBXBuildFile; fileRef = D59D8F451CC7BF8400E21CAA /* RYSettingTableViewController.m */; };
		D5A6DAB41CC677B500B99FB4 /* RYMyLotteryViewController.m in Sources */ = {isa = PBXBuildFile; fileRef = D5A6DAB21CC677B500B99FB4 /* RYMyLotteryViewController.m */; };
		D5A6DAB51CC677B500B99FB4 /* RYMyLotteryViewController.xib in Resources */ = {isa = PBXBuildFile; fileRef = D5A6DAB31CC677B500B99FB4 /* RYMyLotteryViewController.xib */; };
		D5B9076A1CC71A9E000A55D0 /* RYNewFeatureCollectionViewController.m in Sources */ = {isa = PBXBuildFile; fileRef = D5B907691CC71A9E000A55D0 /* RYNewFeatureCollectionViewController.m */; };
		D5B9076D1CC72A88000A55D0 /* RYBaseCollectionViewController.m in Sources */ = {isa = PBXBuildFile; fileRef = D5B9076C1CC72A88000A55D0 /* RYBaseCollectionViewController.m */; };
		D5B907701CC752F2000A55D0 /* RYNewFeatureCollectionViewCell.m in Sources */ = {isa = PBXBuildFile; fileRef = D5B9076F1CC752F2000A55D0 /* RYNewFeatureCollectionViewCell.m */; };
		D5B907731CC78B8B000A55D0 /* RYSaveDataLocationUtil.m in Sources */ = {isa = PBXBuildFile; fileRef = D5B907721CC78B8B000A55D0 /* RYSaveDataLocationUtil.m */; };
		D5B907761CC78C8C000A55D0 /* RYChoseViewController.m in Sources */ = {isa = PBXBuildFile; fileRef = D5B907751CC78C8C000A55D0 /* RYChoseViewController.m */; };
		D5BF6C461CC9EBCB005D7184 /* RYSettingTableViewCell.m in Sources */ = {isa = PBXBuildFile; fileRef = D5BF6C451CC9EBCB005D7184 /* RYSettingTableViewCell.m */; };
		D5BF6C4F1CC9F6F7005D7184 /* NSArray+Log.m in Sources */ = {isa = PBXBuildFile; fileRef = D5BF6C4E1CC9F6F7005D7184 /* NSArray+Log.m */; };
		D5BF6C5B1CCA0045005D7184 /* DRNRealTimeBlurView.m in Sources */ = {isa = PBXBuildFile; fileRef = D5BF6C521CCA0044005D7184 /* DRNRealTimeBlurView.m */; };
		D5BF6C5C1CCA0045005D7184 /* UIImage+BoxBlur.m in Sources */ = {isa = PBXBuildFile; fileRef = D5BF6C541CCA0044005D7184 /* UIImage+BoxBlur.m */; };
		D5BF6C5D1CCA0045005D7184 /* MBProgressHUD+RY.m in Sources */ = {isa = PBXBuildFile; fileRef = D5BF6C571CCA0044005D7184 /* MBProgressHUD+RY.m */; };
		D5BF6C5E1CCA0045005D7184 /* MBProgressHUD.bundle in Resources */ = {isa = PBXBuildFile; fileRef = D5BF6C581CCA0044005D7184 /* MBProgressHUD.bundle */; };
		D5BF6C5F1CCA0045005D7184 /* MBProgressHUD.m in Sources */ = {isa = PBXBuildFile; fileRef = D5BF6C5A1CCA0044005D7184 /* MBProgressHUD.m */; };
		D5BF6C621CCA0FEC005D7184 /* RYConvertCodeViewController.m in Sources */ = {isa = PBXBuildFile; fileRef = D5BF6C611CCA0FEC005D7184 /* RYConvertCodeViewController.m */; };
		D5BF6C651CCA182B005D7184 /* RYBaseSettingTableViewController.m in Sources */ = {isa = PBXBuildFile; fileRef = D5BF6C641CCA182B005D7184 /* RYBaseSettingTableViewController.m */; };
		D5BF6C681CCA1EC8005D7184 /* RYPushNotificationViewController.m in Sources */ = {isa = PBXBuildFile; fileRef = D5BF6C671CCA1EC8005D7184 /* RYPushNotificationViewController.m */; };
		D5BF6C6B1CCA27A6005D7184 /* RYAnnouncePrizeViewController.m in Sources */ = {isa = PBXBuildFile; fileRef = D5BF6C6A1CCA27A6005D7184 /* RYAnnouncePrizeViewController.m */; };
		D5BF6C6E1CCA2884005D7184 /* RYScoreTeleviseViewController.m in Sources */ = {isa = PBXBuildFile; fileRef = D5BF6C6D1CCA2884005D7184 /* RYScoreTeleviseViewController.m */; };
		D5BFFE601CC0DF6500D0F986 /* RYCoverView.m in Sources */ = {isa = PBXBuildFile; fileRef = D5BFFE5F1CC0DF6500D0F986 /* RYCoverView.m */; };
		D5BFFE641CC0E1F800D0F986 /* RYContentView.m in Sources */ = {isa = PBXBuildFile; fileRef = D5BFFE631CC0E1F800D0F986 /* RYContentView.m */; };
		D5C1CDD41CCF67D1003099D3 /* RYQuestionDetailViewController.m in Sources */ = {isa = PBXBuildFile; fileRef = D5C1CDD31CCF67D1003099D3 /* RYQuestionDetailViewController.m */; };
		D5F1BB571CBDEDDB00A270DC /* AppDelegate.m in Sources */ = {isa = PBXBuildFile; fileRef = D5F1BB341CBDEDDB00A270DC /* AppDelegate.m */; };
		D5F1BB591CBDEDDB00A270DC /* main.m in Sources */ = {isa = PBXBuildFile; fileRef = D5F1BB361CBDEDDB00A270DC /* main.m */; };
		D5F1BB5B1CBDEE9D00A270DC /* Info.plist in Resources */ = {isa = PBXBuildFile; fileRef = D5F1BB5A1CBDEE9D00A270DC /* Info.plist */; };
		D5F1BB5E1CBDEF5F00A270DC /* RYBaseViewController.m in Sources */ = {isa = PBXBuildFile; fileRef = D5F1BB5D1CBDEF5F00A270DC /* RYBaseViewController.m */; };
		D5F1BB611CBDEF8800A270DC /* RYBaseTableViewController.m in Sources */ = {isa = PBXBuildFile; fileRef = D5F1BB601CBDEF8800A270DC /* RYBaseTableViewController.m */; };
		D5F1BB641CBDF03600A270DC /* RYTabBarController.m in Sources */ = {isa = PBXBuildFile; fileRef = D5F1BB631CBDF03600A270DC /* RYTabBarController.m */; };
		D5F1BB671CBDF06400A270DC /* RYNavigationController.m in Sources */ = {isa = PBXBuildFile; fileRef = D5F1BB661CBDF06400A270DC /* RYNavigationController.m */; };
		D5F1BB6D1CBDF0B800A270DC /* RYArenaViewController.m in Sources */ = {isa = PBXBuildFile; fileRef = D5F1BB6C1CBDF0B800A270DC /* RYArenaViewController.m */; };
		D5F1BB731CBDF11100A270DC /* RYDiscoverTableViewController.m in Sources */ = {isa = PBXBuildFile; fileRef = D5F1BB721CBDF11100A270DC /* RYDiscoverTableViewController.m */; };
		D5F1BB761CBDF12800A270DC /* RYHallTableViewController.m in Sources */ = {isa = PBXBuildFile; fileRef = D5F1BB751CBDF12800A270DC /* RYHallTableViewController.m */; };
		D5F1BB791CBDF13A00A270DC /* RYHistoryTableViewController.m in Sources */ = {isa = PBXBuildFile; fileRef = D5F1BB781CBDF13A00A270DC /* RYHistoryTableViewController.m */; };
		D5F1BB7C1CBE0D2500A270DC /* RYTabBar.m in Sources */ = {isa = PBXBuildFile; fileRef = D5F1BB7B1CBE0D2500A270DC /* RYTabBar.m */; };
		D5F1BB7F1CBE267700A270DC /* RYBarButton.m in Sources */ = {isa = PBXBuildFile; fileRef = D5F1BB7E1CBE267700A270DC /* RYBarButton.m */; };
		D5F1BB821CBE4D7100A270DC /* UIImage+Utils.m in Sources */ = {isa = PBXBuildFile; fileRef = D5F1BB811CBE4D7100A270DC /* UIImage+Utils.m */; };
		D5F1BB861CBE5CE500A270DC /* UIView+Frame.m in Sources */ = {isa = PBXBuildFile; fileRef = D5F1BB851CBE5CE500A270DC /* UIView+Frame.m */; };
		D5F2D0D51CBB752B00FBD289 /* Assets.xcassets in Resources */ = {isa = PBXBuildFile; fileRef = D5F2D0D41CBB752B00FBD289 /* Assets.xcassets */; };
		D5F2D0D81CBB752B00FBD289 /* LaunchScreen.storyboard in Resources */ = {isa = PBXBuildFile; fileRef = D5F2D0D61CBB752B00FBD289 /* LaunchScreen.storyboard */; };
		D5F2D0E31CBB752B00FBD289 /* _0160411001_RYLotteryTests.m in Sources */ = {isa = PBXBuildFile; fileRef = D5F2D0E21CBB752B00FBD289 /* _0160411001_RYLotteryTests.m */; };
		D5F2D0EE1CBB752B00FBD289 /* _0160411001_RYLotteryUITests.m in Sources */ = {isa = PBXBuildFile; fileRef = D5F2D0ED1CBB752B00FBD289 /* _0160411001_RYLotteryUITests.m */; };
/* End PBXBuildFile section */

/* Begin PBXContainerItemProxy section */
		D5F2D0DF1CBB752B00FBD289 /* PBXContainerItemProxy */ = {
			isa = PBXContainerItemProxy;
			containerPortal = D5F2D0BD1CBB752B00FBD289 /* Project object */;
			proxyType = 1;
			remoteGlobalIDString = D5F2D0C41CBB752B00FBD289;
			remoteInfo = "20160411001-RYLottery";
		};
		D5F2D0EA1CBB752B00FBD289 /* PBXContainerItemProxy */ = {
			isa = PBXContainerItemProxy;
			containerPortal = D5F2D0BD1CBB752B00FBD289 /* Project object */;
			proxyType = 1;
			remoteGlobalIDString = D5F2D0C41CBB752B00FBD289;
			remoteInfo = "20160411001-RYLottery";
		};
/* End PBXContainerItemProxy section */

/* Begin PBXFileReference section */
		D50B950C1CCE08E600F229DB /* RYQuestionTableViewController.h */ = {isa = PBXFileReference; fileEncoding = 4; lastKnownFileType = sourcecode.c.h; path = RYQuestionTableViewController.h; sourceTree = "<group>"; };
		D50B950D1CCE08E600F229DB /* RYQuestionTableViewController.m */ = {isa = PBXFileReference; fileEncoding = 4; lastKnownFileType = sourcecode.c.objc; path = RYQuestionTableViewController.m; sourceTree = "<group>"; };
		D50B95111CCE0B2000F229DB /* RYArrowSettingItem.h */ = {isa = PBXFileReference; fileEncoding = 4; lastKnownFileType = sourcecode.c.h; path = RYArrowSettingItem.h; sourceTree = "<group>"; };
		D50B95121CCE0B2000F229DB /* RYArrowSettingItem.m */ = {isa = PBXFileReference; fileEncoding = 4; lastKnownFileType = sourcecode.c.objc; path = RYArrowSettingItem.m; sourceTree = "<group>"; };
		D50B95131CCE0B2000F229DB /* RYSettingItem.h */ = {isa = PBXFileReference; fileEncoding = 4; lastKnownFileType = sourcecode.c.h; path = RYSettingItem.h; sourceTree = "<group>"; };
		D50B95141CCE0B2000F229DB /* RYSettingItem.m */ = {isa = PBXFileReference; fileEncoding = 4; lastKnownFileType = sourcecode.c.objc; path = RYSettingItem.m; sourceTree = "<group>"; };
		D50B95151CCE0B2000F229DB /* RYSettingItemGroup.h */ = {isa = PBXFileReference; fileEncoding = 4; lastKnownFileType = sourcecode.c.h; path = RYSettingItemGroup.h; sourceTree = "<group>"; };
		D50B95161CCE0B2000F229DB /* RYSettingItemGroup.m */ = {isa = PBXFileReference; fileEncoding = 4; lastKnownFileType = sourcecode.c.objc; path = RYSettingItemGroup.m; sourceTree = "<group>"; };
		D50B95171CCE0B2000F229DB /* RYSwitchSettingItem.h */ = {isa = PBXFileReference; fileEncoding = 4; lastKnownFileType = sourcecode.c.h; path = RYSwitchSettingItem.h; sourceTree = "<group>"; };
		D50B95181CCE0B2000F229DB /* RYSwitchSettingItem.m */ = {isa = PBXFileReference; fileEncoding = 4; lastKnownFileType = sourcecode.c.objc; path = RYSwitchSettingItem.m; sourceTree = "<group>"; };
		D50B951E1CCE0B8900F229DB /* cywt.json */ = {isa = PBXFileReference; fileEncoding = 4; lastKnownFileType = text.json; path = cywt.json; sourceTree = "<group>"; };
		D50B951F1CCE0B8900F229DB /* help.json */ = {isa = PBXFileReference; fileEncoding = 4; lastKnownFileType = text.json; path = help.json; sourceTree = "<group>"; };
		D50B95201CCE0B8900F229DB /* more_project.json */ = {isa = PBXFileReference; fileEncoding = 4; lastKnownFileType = text.json; path = more_project.json; sourceTree = "<group>"; };
		D50B95211CCE0B8900F229DB /* products.json */ = {isa = PBXFileReference; fileEncoding = 4; lastKnownFileType = text.json; path = products.json; sourceTree = "<group>"; };
		D50B95231CCE0B8900F229DB /* bjdc_howto.html */ = {isa = PBXFileReference; fileEncoding = 4; lastKnownFileType = text.html; path = bjdc_howto.html; sourceTree = "<group>"; };
		D50B95241CCE0B8900F229DB /* coupon_help.html */ = {isa = PBXFileReference; fileEncoding = 4; lastKnownFileType = text.html; path = coupon_help.html; sourceTree = "<group>"; };
		D50B95251CCE0B8900F229DB /* credit_help.html */ = {isa = PBXFileReference; fileEncoding = 4; lastKnownFileType = text.html; path = credit_help.html; sourceTree = "<group>"; };
		D50B95261CCE0B8900F229DB /* dlt_howto.html */ = {isa = PBXFileReference; fileEncoding = 4; lastKnownFileType = text.html; path = dlt_howto.html; sourceTree = "<group>"; };
		D50B95271CCE0B8900F229DB /* f9_howto.html */ = {isa = PBXFileReference; fileEncoding = 4; lastKnownFileType = text.html; path = f9_howto.html; sourceTree = "<group>"; };
		D50B95281CCE0B8900F229DB /* gdy11_howto.html */ = {isa = PBXFileReference; fileEncoding = 4; lastKnownFileType = text.html; path = gdy11_howto.html; sourceTree = "<group>"; };
		D50B95291CCE0B8900F229DB /* group_record.html */ = {isa = PBXFileReference; fileEncoding = 4; lastKnownFileType = text.html; path = group_record.html; sourceTree = "<group>"; };
		D50B952A1CCE0B8900F229DB /* help.html */ = {isa = PBXFileReference; fileEncoding = 4; lastKnownFileType = text.html; path = help.html; sourceTree = "<group>"; };
		D50B952B1CCE0B8900F229DB /* helpGroupBuy.html */ = {isa = PBXFileReference; fileEncoding = 4; lastKnownFileType = text.html; path = helpGroupBuy.html; sourceTree = "<group>"; };
		D50B952C1CCE0B8900F229DB /* jclq_howto.html */ = {isa = PBXFileReference; fileEncoding = 4; lastKnownFileType = text.html; path = jclq_howto.html; sourceTree = "<group>"; };
		D50B952D1CCE0B8900F229DB /* jczq_howto.html */ = {isa = PBXFileReference; fileEncoding = 4; lastKnownFileType = text.html; path = jczq_howto.html; sourceTree = "<group>"; };
		D50B952E1CCE0B8900F229DB /* jxssc_howto.html */ = {isa = PBXFileReference; fileEncoding = 4; lastKnownFileType = text.html; path = jxssc_howto.html; sourceTree = "<group>"; };
		D50B952F1CCE0B8900F229DB /* jxy11_howto.html */ = {isa = PBXFileReference; fileEncoding = 4; lastKnownFileType = text.html; path = jxy11_howto.html; sourceTree = "<group>"; };
		D50B95301CCE0B8900F229DB /* k2_howto.html */ = {isa = PBXFileReference; fileEncoding = 4; lastKnownFileType = text.html; path = k2_howto.html; sourceTree = "<group>"; };
		D50B95311CCE0B8900F229DB /* k3_howto.html */ = {isa = PBXFileReference; fileEncoding = 4; lastKnownFileType = text.html; path = k3_howto.html; sourceTree = "<group>"; };
		D50B95321CCE0B8900F229DB /* kl8_howto.html */ = {isa = PBXFileReference; fileEncoding = 4; lastKnownFileType = text.html; path = kl8_howto.html; sourceTree = "<group>"; };
		D50B95331CCE0B8900F229DB /* lk11_howto.html */ = {isa = PBXFileReference; fileEncoding = 4; lastKnownFileType = text.html; path = lk11_howto.html; sourceTree = "<group>"; };
		D50B95341CCE0B8900F229DB /* networkconnectedfailed.html */ = {isa = PBXFileReference; fileEncoding = 4; lastKnownFileType = text.html; path = networkconnectedfailed.html; sourceTree = "<group>"; };
		D50B95351CCE0B8900F229DB /* pl3_howto.html */ = {isa = PBXFileReference; fileEncoding = 4; lastKnownFileType = text.html; path = pl3_howto.html; sourceTree = "<group>"; };
		D50B95361CCE0B8900F229DB /* pl5_howto.html */ = {isa = PBXFileReference; fileEncoding = 4; lastKnownFileType = text.html; path = pl5_howto.html; sourceTree = "<group>"; };
		D50B95371CCE0B8900F229DB /* qlc_howto.html */ = {isa = PBXFileReference; fileEncoding = 4; lastKnownFileType = text.html; path = qlc_howto.html; sourceTree = "<group>"; };
		D50B95381CCE0B8900F229DB /* qxc_howto.html */ = {isa = PBXFileReference; fileEncoding = 4; lastKnownFileType = text.html; path = qxc_howto.html; sourceTree = "<group>"; };
		D50B95391CCE0B8900F229DB /* rule.css */ = {isa = PBXFileReference; fileEncoding = 4; lastKnownFileType = text.css; path = rule.css; sourceTree = "<group>"; };
		D50B953A1CCE0B8900F229DB /* sfc_howto.html */ = {isa = PBXFileReference; fileEncoding = 4; lastKnownFileType = text.html; path = sfc_howto.html; sourceTree = "<group>"; };
		D50B953B1CCE0B8900F229DB /* ssc_howto.html */ = {isa = PBXFileReference; fileEncoding = 4; lastKnownFileType = text.html; path = ssc_howto.html; sourceTree = "<group>"; };
		D50B953C1CCE0B8900F229DB /* ssq_howto.html */ = {isa = PBXFileReference; fileEncoding = 4; lastKnownFileType = text.html; path = ssq_howto.html; sourceTree = "<group>"; };
		D50B953D1CCE0B8900F229DB /* x3d_howto.html */ = {isa = PBXFileReference; fileEncoding = 4; lastKnownFileType = text.html; path = x3d_howto.html; sourceTree = "<group>"; };
		D50B953E1CCE0B8900F229DB /* y11_howto.html */ = {isa = PBXFileReference; fileEncoding = 4; lastKnownFileType = text.html; path = y11_howto.html; sourceTree = "<group>"; };
		D50B953F1CCE0B8900F229DB /* znzh.html */ = {isa = PBXFileReference; fileEncoding = 4; lastKnownFileType = text.html; path = znzh.html; sourceTree = "<group>"; };
		D50B95611CCE0BF700F229DB /* RYBaseModel.h */ = {isa = PBXFileReference; fileEncoding = 4; lastKnownFileType = sourcecode.c.h; path = RYBaseModel.h; sourceTree = "<group>"; };
		D50B95621CCE0BF700F229DB /* RYBaseModel.m */ = {isa = PBXFileReference; fileEncoding = 4; lastKnownFileType = sourcecode.c.objc; path = RYBaseModel.m; sourceTree = "<group>"; };
		D50B95641CCE0C1900F229DB /* RYQuestionModel.h */ = {isa = PBXFileReference; fileEncoding = 4; lastKnownFileType = sourcecode.c.h; path = RYQuestionModel.h; sourceTree = "<group>"; };
		D50B95651CCE0C1900F229DB /* RYQuestionModel.m */ = {isa = PBXFileReference; fileEncoding = 4; lastKnownFileType = sourcecode.c.objc; path = RYQuestionModel.m; sourceTree = "<group>"; };
		D50B95671CCE1DB800F229DB /* NSObject+Model.h */ = {isa = PBXFileReference; fileEncoding = 4; lastKnownFileType = sourcecode.c.h; path = "NSObject+Model.h"; sourceTree = "<group>"; };
		D50B95681CCE1DB800F229DB /* NSObject+Model.m */ = {isa = PBXFileReference; fileEncoding = 4; lastKnownFileType = sourcecode.c.objc; path = "NSObject+Model.m"; sourceTree = "<group>"; };
		D5196A141CC3CB9800D781E7 /* RYPopMenuView.h */ = {isa = PBXFileReference; fileEncoding = 4; lastKnownFileType = sourcecode.c.h; path = RYPopMenuView.h; sourceTree = "<group>"; };
		D5196A151CC3CB9800D781E7 /* RYPopMenuView.m */ = {isa = PBXFileReference; fileEncoding = 4; lastKnownFileType = sourcecode.c.objc; path = RYPopMenuView.m; sourceTree = "<group>"; };
		D5196A171CC3CC6800D781E7 /* RYPopMenuItemModel.h */ = {isa = PBXFileReference; fileEncoding = 4; lastKnownFileType = sourcecode.c.h; path = RYPopMenuItemModel.h; sourceTree = "<group>"; };
		D5196A181CC3CC6800D781E7 /* RYPopMenuItemModel.m */ = {isa = PBXFileReference; fileEncoding = 4; lastKnownFileType = sourcecode.c.objc; path = RYPopMenuItemModel.m; sourceTree = "<group>"; };
		D59D2F821CC5BD0800BD186B /* RYDivideLineView.h */ = {isa = PBXFileReference; fileEncoding = 4; lastKnownFileType = sourcecode.c.h; path = RYDivideLineView.h; sourceTree = "<group>"; };
		D59D2F831CC5BD0800BD186B /* RYDivideLineView.m */ = {isa = PBXFileReference; fileEncoding = 4; lastKnownFileType = sourcecode.c.objc; path = RYDivideLineView.m; sourceTree = "<group>"; };
		D59D2F8B1CC60DFC00BD186B /* RYArenaNavigationController.h */ = {isa = PBXFileReference; fileEncoding = 4; lastKnownFileType = sourcecode.c.h; path = RYArenaNavigationController.h; sourceTree = "<group>"; };
		D59D2F8C1CC60DFC00BD186B /* RYArenaNavigationController.m */ = {isa = PBXFileReference; fileEncoding = 4; lastKnownFileType = sourcecode.c.objc; path = RYArenaNavigationController.m; sourceTree = "<group>"; };
		D59D2F8E1CC61CC200BD186B /* RYDiscoverTableViewController.storyboard */ = {isa = PBXFileReference; fileEncoding = 4; lastKnownFileType = file.storyboard; path = RYDiscoverTableViewController.storyboard; sourceTree = "<group>"; };
		D59D2F901CC625F000BD186B /* RYGroupBuyTableViewController.h */ = {isa = PBXFileReference; fileEncoding = 4; lastKnownFileType = sourcecode.c.h; path = RYGroupBuyTableViewController.h; sourceTree = "<group>"; };
		D59D2F911CC625F000BD186B /* RYGroupBuyTableViewController.m */ = {isa = PBXFileReference; fileEncoding = 4; lastKnownFileType = sourcecode.c.objc; path = RYGroupBuyTableViewController.m; sourceTree = "<group>"; };
		D59D2F961CC627F500BD186B /* RYTitleButton.h */ = {isa = PBXFileReference; fileEncoding = 4; lastKnownFileType = sourcecode.c.h; path = RYTitleButton.h; sourceTree = "<group>"; };
		D59D2F971CC627F500BD186B /* RYTitleButton.m */ = {isa = PBXFileReference; fileEncoding = 4; lastKnownFileType = sourcecode.c.objc; path = RYTitleButton.m; sourceTree = "<group>"; };
		D59D2F991CC6351300BD186B /* RYLuckyNumberView.h */ = {isa = PBXFileReference; fileEncoding = 4; lastKnownFileType = sourcecode.c.h; path = RYLuckyNumberView.h; sourceTree = "<group>"; };
		D59D2F9A1CC6351300BD186B /* RYLuckyNumberView.m */ = {isa = PBXFileReference; fileEncoding = 4; lastKnownFileType = sourcecode.c.objc; path = RYLuckyNumberView.m; sourceTree = "<group>"; };
		D59D2F9C1CC6369400BD186B /* RYLuckyNumberViewController.h */ = {isa = PBXFileReference; fileEncoding = 4; lastKnownFileType = sourcecode.c.h; path = RYLuckyNumberViewController.h; sourceTree = "<group>"; };
		D59D2F9D1CC6369400BD186B /* RYLuckyNumberViewController.m */ = {isa = PBXFileReference; fileEncoding = 4; lastKnownFileType = sourcecode.c.objc; path = RYLuckyNumberViewController.m; sourceTree = "<group>"; };
		D59D8F441CC7BF8400E21CAA /* RYSettingTableViewController.h */ = {isa = PBXFileReference; fileEncoding = 4; lastKnownFileType = sourcecode.c.h; path = RYSettingTableViewController.h; sourceTree = "<group>"; };
		D59D8F451CC7BF8400E21CAA /* RYSettingTableViewController.m */ = {isa = PBXFileReference; fileEncoding = 4; lastKnownFileType = sourcecode.c.objc; path = RYSettingTableViewController.m; sourceTree = "<group>"; };
		D5A6DAB11CC677B500B99FB4 /* RYMyLotteryViewController.h */ = {isa = PBXFileReference; fileEncoding = 4; lastKnownFileType = sourcecode.c.h; path = RYMyLotteryViewController.h; sourceTree = "<group>"; };
		D5A6DAB21CC677B500B99FB4 /* RYMyLotteryViewController.m */ = {isa = PBXFileReference; fileEncoding = 4; lastKnownFileType = sourcecode.c.objc; path = RYMyLotteryViewController.m; sourceTree = "<group>"; };
		D5A6DAB31CC677B500B99FB4 /* RYMyLotteryViewController.xib */ = {isa = PBXFileReference; fileEncoding = 4; lastKnownFileType = file.xib; path = RYMyLotteryViewController.xib; sourceTree = "<group>"; };
		D5B907681CC71A9E000A55D0 /* RYNewFeatureCollectionViewController.h */ = {isa = PBXFileReference; fileEncoding = 4; lastKnownFileType = sourcecode.c.h; path = RYNewFeatureCollectionViewController.h; sourceTree = "<group>"; };
		D5B907691CC71A9E000A55D0 /* RYNewFeatureCollectionViewController.m */ = {isa = PBXFileReference; fileEncoding = 4; lastKnownFileType = sourcecode.c.objc; path = RYNewFeatureCollectionViewController.m; sourceTree = "<group>"; };
		D5B9076B1CC72A88000A55D0 /* RYBaseCollectionViewController.h */ = {isa = PBXFileReference; fileEncoding = 4; lastKnownFileType = sourcecode.c.h; path = RYBaseCollectionViewController.h; sourceTree = "<group>"; };
		D5B9076C1CC72A88000A55D0 /* RYBaseCollectionViewController.m */ = {isa = PBXFileReference; fileEncoding = 4; lastKnownFileType = sourcecode.c.objc; path = RYBaseCollectionViewController.m; sourceTree = "<group>"; };
		D5B9076E1CC752F2000A55D0 /* RYNewFeatureCollectionViewCell.h */ = {isa = PBXFileReference; fileEncoding = 4; lastKnownFileType = sourcecode.c.h; path = RYNewFeatureCollectionViewCell.h; sourceTree = "<group>"; };
		D5B9076F1CC752F2000A55D0 /* RYNewFeatureCollectionViewCell.m */ = {isa = PBXFileReference; fileEncoding = 4; lastKnownFileType = sourcecode.c.objc; path = RYNewFeatureCollectionViewCell.m; sourceTree = "<group>"; };
		D5B907711CC78B8B000A55D0 /* RYSaveDataLocationUtil.h */ = {isa = PBXFileReference; fileEncoding = 4; lastKnownFileType = sourcecode.c.h; path = RYSaveDataLocationUtil.h; sourceTree = "<group>"; };
		D5B907721CC78B8B000A55D0 /* RYSaveDataLocationUtil.m */ = {isa = PBXFileReference; fileEncoding = 4; lastKnownFileType = sourcecode.c.objc; path = RYSaveDataLocationUtil.m; sourceTree = "<group>"; };
		D5B907741CC78C8C000A55D0 /* RYChoseViewController.h */ = {isa = PBXFileReference; fileEncoding = 4; lastKnownFileType = sourcecode.c.h; path = RYChoseViewController.h; sourceTree = "<group>"; };
		D5B907751CC78C8C000A55D0 /* RYChoseViewController.m */ = {isa = PBXFileReference; fileEncoding = 4; lastKnownFileType = sourcecode.c.objc; path = RYChoseViewController.m; sourceTree = "<group>"; };
		D5BF6C441CC9EBCB005D7184 /* RYSettingTableViewCell.h */ = {isa = PBXFileReference; fileEncoding = 4; lastKnownFileType = sourcecode.c.h; path = RYSettingTableViewCell.h; sourceTree = "<group>"; };
		D5BF6C451CC9EBCB005D7184 /* RYSettingTableViewCell.m */ = {isa = PBXFileReference; fileEncoding = 4; lastKnownFileType = sourcecode.c.objc; path = RYSettingTableViewCell.m; sourceTree = "<group>"; };
		D5BF6C4D1CC9F6F7005D7184 /* NSArray+Log.h */ = {isa = PBXFileReference; fileEncoding = 4; lastKnownFileType = sourcecode.c.h; path = "NSArray+Log.h"; sourceTree = "<group>"; };
		D5BF6C4E1CC9F6F7005D7184 /* NSArray+Log.m */ = {isa = PBXFileReference; fileEncoding = 4; lastKnownFileType = sourcecode.c.objc; path = "NSArray+Log.m"; sourceTree = "<group>"; };
		D5BF6C511CCA0044005D7184 /* DRNRealTimeBlurView.h */ = {isa = PBXFileReference; fileEncoding = 4; lastKnownFileType = sourcecode.c.h; path = DRNRealTimeBlurView.h; sourceTree = "<group>"; };
		D5BF6C521CCA0044005D7184 /* DRNRealTimeBlurView.m */ = {isa = PBXFileReference; fileEncoding = 4; lastKnownFileType = sourcecode.c.objc; path = DRNRealTimeBlurView.m; sourceTree = "<group>"; };
		D5BF6C531CCA0044005D7184 /* UIImage+BoxBlur.h */ = {isa = PBXFileReference; fileEncoding = 4; lastKnownFileType = sourcecode.c.h; path = "UIImage+BoxBlur.h"; sourceTree = "<group>"; };
		D5BF6C541CCA0044005D7184 /* UIImage+BoxBlur.m */ = {isa = PBXFileReference; fileEncoding = 4; lastKnownFileType = sourcecode.c.objc; path = "UIImage+BoxBlur.m"; sourceTree = "<group>"; };
		D5BF6C561CCA0044005D7184 /* MBProgressHUD+RY.h */ = {isa = PBXFileReference; fileEncoding = 4; lastKnownFileType = sourcecode.c.h; path = "MBProgressHUD+RY.h"; sourceTree = "<group>"; };
		D5BF6C571CCA0044005D7184 /* MBProgressHUD+RY.m */ = {isa = PBXFileReference; fileEncoding = 4; lastKnownFileType = sourcecode.c.objc; path = "MBProgressHUD+RY.m"; sourceTree = "<group>"; };
		D5BF6C581CCA0044005D7184 /* MBProgressHUD.bundle */ = {isa = PBXFileReference; lastKnownFileType = "wrapper.plug-in"; path = MBProgressHUD.bundle; sourceTree = "<group>"; };
		D5BF6C591CCA0044005D7184 /* MBProgressHUD.h */ = {isa = PBXFileReference; fileEncoding = 4; lastKnownFileType = sourcecode.c.h; path = MBProgressHUD.h; sourceTree = "<group>"; };
		D5BF6C5A1CCA0044005D7184 /* MBProgressHUD.m */ = {isa = PBXFileReference; fileEncoding = 4; lastKnownFileType = sourcecode.c.objc; path = MBProgressHUD.m; sourceTree = "<group>"; };
		D5BF6C601CCA0FEC005D7184 /* RYConvertCodeViewController.h */ = {isa = PBXFileReference; fileEncoding = 4; lastKnownFileType = sourcecode.c.h; path = RYConvertCodeViewController.h; sourceTree = "<group>"; };
		D5BF6C611CCA0FEC005D7184 /* RYConvertCodeViewController.m */ = {isa = PBXFileReference; fileEncoding = 4; lastKnownFileType = sourcecode.c.objc; path = RYConvertCodeViewController.m; sourceTree = "<group>"; };
		D5BF6C631CCA182B005D7184 /* RYBaseSettingTableViewController.h */ = {isa = PBXFileReference; fileEncoding = 4; lastKnownFileType = sourcecode.c.h; path = RYBaseSettingTableViewController.h; sourceTree = "<group>"; };
		D5BF6C641CCA182B005D7184 /* RYBaseSettingTableViewController.m */ = {isa = PBXFileReference; fileEncoding = 4; lastKnownFileType = sourcecode.c.objc; path = RYBaseSettingTableViewController.m; sourceTree = "<group>"; };
		D5BF6C661CCA1EC8005D7184 /* RYPushNotificationViewController.h */ = {isa = PBXFileReference; fileEncoding = 4; lastKnownFileType = sourcecode.c.h; path = RYPushNotificationViewController.h; sourceTree = "<group>"; };
		D5BF6C671CCA1EC8005D7184 /* RYPushNotificationViewController.m */ = {isa = PBXFileReference; fileEncoding = 4; lastKnownFileType = sourcecode.c.objc; path = RYPushNotificationViewController.m; sourceTree = "<group>"; };
		D5BF6C691CCA27A6005D7184 /* RYAnnouncePrizeViewController.h */ = {isa = PBXFileReference; fileEncoding = 4; lastKnownFileType = sourcecode.c.h; path = RYAnnouncePrizeViewController.h; sourceTree = "<group>"; };
		D5BF6C6A1CCA27A6005D7184 /* RYAnnouncePrizeViewController.m */ = {isa = PBXFileReference; fileEncoding = 4; lastKnownFileType = sourcecode.c.objc; path = RYAnnouncePrizeViewController.m; sourceTree = "<group>"; };
		D5BF6C6C1CCA2884005D7184 /* RYScoreTeleviseViewController.h */ = {isa = PBXFileReference; fileEncoding = 4; lastKnownFileType = sourcecode.c.h; path = RYScoreTeleviseViewController.h; sourceTree = "<group>"; };
		D5BF6C6D1CCA2884005D7184 /* RYScoreTeleviseViewController.m */ = {isa = PBXFileReference; fileEncoding = 4; lastKnownFileType = sourcecode.c.objc; path = RYScoreTeleviseViewController.m; sourceTree = "<group>"; };
		D5BFFE5E1CC0DF6500D0F986 /* RYCoverView.h */ = {isa = PBXFileReference; fileEncoding = 4; lastKnownFileType = sourcecode.c.h; path = RYCoverView.h; sourceTree = "<group>"; };
		D5BFFE5F1CC0DF6500D0F986 /* RYCoverView.m */ = {isa = PBXFileReference; fileEncoding = 4; lastKnownFileType = sourcecode.c.objc; path = RYCoverView.m; sourceTree = "<group>"; };
		D5BFFE611CC0E05100D0F986 /* AppMacro.h */ = {isa = PBXFileReference; fileEncoding = 4; lastKnownFileType = sourcecode.c.h; path = AppMacro.h; sourceTree = "<group>"; };
		D5BFFE621CC0E1F800D0F986 /* RYContentView.h */ = {isa = PBXFileReference; fileEncoding = 4; lastKnownFileType = sourcecode.c.h; path = RYContentView.h; sourceTree = "<group>"; };
		D5BFFE631CC0E1F800D0F986 /* RYContentView.m */ = {isa = PBXFileReference; fileEncoding = 4; lastKnownFileType = sourcecode.c.objc; path = RYContentView.m; sourceTree = "<group>"; };
		D5C1CDD21CCF67D1003099D3 /* RYQuestionDetailViewController.h */ = {isa = PBXFileReference; fileEncoding = 4; lastKnownFileType = sourcecode.c.h; path = RYQuestionDetailViewController.h; sourceTree = "<group>"; };
		D5C1CDD31CCF67D1003099D3 /* RYQuestionDetailViewController.m */ = {isa = PBXFileReference; fileEncoding = 4; lastKnownFileType = sourcecode.c.objc; path = RYQuestionDetailViewController.m; sourceTree = "<group>"; };
		D5F1BB331CBDEDDB00A270DC /* AppDelegate.h */ = {isa = PBXFileReference; fileEncoding = 4; lastKnownFileType = sourcecode.c.h; path = AppDelegate.h; sourceTree = "<group>"; };
		D5F1BB341CBDEDDB00A270DC /* AppDelegate.m */ = {isa = PBXFileReference; fileEncoding = 4; lastKnownFileType = sourcecode.c.objc; path = AppDelegate.m; sourceTree = "<group>"; };
		D5F1BB361CBDEDDB00A270DC /* main.m */ = {isa = PBXFileReference; fileEncoding = 4; lastKnownFileType = sourcecode.c.objc; path = main.m; sourceTree = "<group>"; };
		D5F1BB5A1CBDEE9D00A270DC /* Info.plist */ = {isa = PBXFileReference; fileEncoding = 4; lastKnownFileType = text.plist.xml; path = Info.plist; sourceTree = "<group>"; };
		D5F1BB5C1CBDEF5F00A270DC /* RYBaseViewController.h */ = {isa = PBXFileReference; fileEncoding = 4; lastKnownFileType = sourcecode.c.h; path = RYBaseViewController.h; sourceTree = "<group>"; };
		D5F1BB5D1CBDEF5F00A270DC /* RYBaseViewController.m */ = {isa = PBXFileReference; fileEncoding = 4; lastKnownFileType = sourcecode.c.objc; path = RYBaseViewController.m; sourceTree = "<group>"; };
		D5F1BB5F1CBDEF8800A270DC /* RYBaseTableViewController.h */ = {isa = PBXFileReference; fileEncoding = 4; lastKnownFileType = sourcecode.c.h; path = RYBaseTableViewController.h; sourceTree = "<group>"; };
		D5F1BB601CBDEF8800A270DC /* RYBaseTableViewController.m */ = {isa = PBXFileReference; fileEncoding = 4; lastKnownFileType = sourcecode.c.objc; path = RYBaseTableViewController.m; sourceTree = "<group>"; };
		D5F1BB621CBDF03600A270DC /* RYTabBarController.h */ = {isa = PBXFileReference; fileEncoding = 4; lastKnownFileType = sourcecode.c.h; path = RYTabBarController.h; sourceTree = "<group>"; };
		D5F1BB631CBDF03600A270DC /* RYTabBarController.m */ = {isa = PBXFileReference; fileEncoding = 4; lastKnownFileType = sourcecode.c.objc; path = RYTabBarController.m; sourceTree = "<group>"; };
		D5F1BB651CBDF06400A270DC /* RYNavigationController.h */ = {isa = PBXFileReference; fileEncoding = 4; lastKnownFileType = sourcecode.c.h; path = RYNavigationController.h; sourceTree = "<group>"; };
		D5F1BB661CBDF06400A270DC /* RYNavigationController.m */ = {isa = PBXFileReference; fileEncoding = 4; lastKnownFileType = sourcecode.c.objc; path = RYNavigationController.m; sourceTree = "<group>"; };
		D5F1BB6B1CBDF0B800A270DC /* RYArenaViewController.h */ = {isa = PBXFileReference; fileEncoding = 4; lastKnownFileType = sourcecode.c.h; path = RYArenaViewController.h; sourceTree = "<group>"; };
		D5F1BB6C1CBDF0B800A270DC /* RYArenaViewController.m */ = {isa = PBXFileReference; fileEncoding = 4; lastKnownFileType = sourcecode.c.objc; path = RYArenaViewController.m; sourceTree = "<group>"; };
		D5F1BB711CBDF11100A270DC /* RYDiscoverTableViewController.h */ = {isa = PBXFileReference; fileEncoding = 4; lastKnownFileType = sourcecode.c.h; path = RYDiscoverTableViewController.h; sourceTree = "<group>"; };
		D5F1BB721CBDF11100A270DC /* RYDiscoverTableViewController.m */ = {isa = PBXFileReference; fileEncoding = 4; lastKnownFileType = sourcecode.c.objc; path = RYDiscoverTableViewController.m; sourceTree = "<group>"; };
		D5F1BB741CBDF12800A270DC /* RYHallTableViewController.h */ = {isa = PBXFileReference; fileEncoding = 4; lastKnownFileType = sourcecode.c.h; path = RYHallTableViewController.h; sourceTree = "<group>"; };
		D5F1BB751CBDF12800A270DC /* RYHallTableViewController.m */ = {isa = PBXFileReference; fileEncoding = 4; lastKnownFileType = sourcecode.c.objc; path = RYHallTableViewController.m; sourceTree = "<group>"; };
		D5F1BB771CBDF13A00A270DC /* RYHistoryTableViewController.h */ = {isa = PBXFileReference; fileEncoding = 4; lastKnownFileType = sourcecode.c.h; path = RYHistoryTableViewController.h; sourceTree = "<group>"; };
		D5F1BB781CBDF13A00A270DC /* RYHistoryTableViewController.m */ = {isa = PBXFileReference; fileEncoding = 4; lastKnownFileType = sourcecode.c.objc; path = RYHistoryTableViewController.m; sourceTree = "<group>"; };
		D5F1BB7A1CBE0D2500A270DC /* RYTabBar.h */ = {isa = PBXFileReference; fileEncoding = 4; lastKnownFileType = sourcecode.c.h; path = RYTabBar.h; sourceTree = "<group>"; };
		D5F1BB7B1CBE0D2500A270DC /* RYTabBar.m */ = {isa = PBXFileReference; fileEncoding = 4; lastKnownFileType = sourcecode.c.objc; path = RYTabBar.m; sourceTree = "<group>"; };
		D5F1BB7D1CBE267700A270DC /* RYBarButton.h */ = {isa = PBXFileReference; fileEncoding = 4; lastKnownFileType = sourcecode.c.h; path = RYBarButton.h; sourceTree = "<group>"; };
		D5F1BB7E1CBE267700A270DC /* RYBarButton.m */ = {isa = PBXFileReference; fileEncoding = 4; lastKnownFileType = sourcecode.c.objc; path = RYBarButton.m; sourceTree = "<group>"; };
		D5F1BB801CBE4D7100A270DC /* UIImage+Utils.h */ = {isa = PBXFileReference; fileEncoding = 4; lastKnownFileType = sourcecode.c.h; path = "UIImage+Utils.h"; sourceTree = "<group>"; };
		D5F1BB811CBE4D7100A270DC /* UIImage+Utils.m */ = {isa = PBXFileReference; fileEncoding = 4; lastKnownFileType = sourcecode.c.objc; path = "UIImage+Utils.m"; sourceTree = "<group>"; };
		D5F1BB831CBE4EDC00A270DC /* LotteryPrefix.pch */ = {isa = PBXFileReference; fileEncoding = 4; lastKnownFileType = sourcecode.c.h; path = LotteryPrefix.pch; sourceTree = "<group>"; };
		D5F1BB841CBE5CE500A270DC /* UIView+Frame.h */ = {isa = PBXFileReference; fileEncoding = 4; lastKnownFileType = sourcecode.c.h; path = "UIView+Frame.h"; sourceTree = "<group>"; };
		D5F1BB851CBE5CE500A270DC /* UIView+Frame.m */ = {isa = PBXFileReference; fileEncoding = 4; lastKnownFileType = sourcecode.c.objc; path = "UIView+Frame.m"; sourceTree = "<group>"; };
		D5F2D0C51CBB752B00FBD289 /* 20160411001-RYLottery.app */ = {isa = PBXFileReference; explicitFileType = wrapper.application; includeInIndex = 0; path = "20160411001-RYLottery.app"; sourceTree = BUILT_PRODUCTS_DIR; };
		D5F2D0D41CBB752B00FBD289 /* Assets.xcassets */ = {isa = PBXFileReference; lastKnownFileType = folder.assetcatalog; path = Assets.xcassets; sourceTree = "<group>"; };
		D5F2D0D71CBB752B00FBD289 /* Base */ = {isa = PBXFileReference; lastKnownFileType = file.storyboard; name = Base; path = Base.lproj/LaunchScreen.storyboard; sourceTree = "<group>"; };
		D5F2D0DE1CBB752B00FBD289 /* 20160411001-RYLotteryTests.xctest */ = {isa = PBXFileReference; explicitFileType = wrapper.cfbundle; includeInIndex = 0; path = "20160411001-RYLotteryTests.xctest"; sourceTree = BUILT_PRODUCTS_DIR; };
		D5F2D0E21CBB752B00FBD289 /* _0160411001_RYLotteryTests.m */ = {isa = PBXFileReference; lastKnownFileType = sourcecode.c.objc; path = _0160411001_RYLotteryTests.m; sourceTree = "<group>"; };
		D5F2D0E41CBB752B00FBD289 /* Info.plist */ = {isa = PBXFileReference; lastKnownFileType = text.plist.xml; path = Info.plist; sourceTree = "<group>"; };
		D5F2D0E91CBB752B00FBD289 /* 20160411001-RYLotteryUITests.xctest */ = {isa = PBXFileReference; explicitFileType = wrapper.cfbundle; includeInIndex = 0; path = "20160411001-RYLotteryUITests.xctest"; sourceTree = BUILT_PRODUCTS_DIR; };
		D5F2D0ED1CBB752B00FBD289 /* _0160411001_RYLotteryUITests.m */ = {isa = PBXFileReference; lastKnownFileType = sourcecode.c.objc; path = _0160411001_RYLotteryUITests.m; sourceTree = "<group>"; };
		D5F2D0EF1CBB752B00FBD289 /* Info.plist */ = {isa = PBXFileReference; lastKnownFileType = text.plist.xml; path = Info.plist; sourceTree = "<group>"; };
/* End PBXFileReference section */

/* Begin PBXFrameworksBuildPhase section */
		D5F2D0C21CBB752B00FBD289 /* Frameworks */ = {
			isa = PBXFrameworksBuildPhase;
			buildActionMask = 2147483647;
			files = (
			);
			runOnlyForDeploymentPostprocessing = 0;
		};
		D5F2D0DB1CBB752B00FBD289 /* Frameworks */ = {
			isa = PBXFrameworksBuildPhase;
			buildActionMask = 2147483647;
			files = (
			);
			runOnlyForDeploymentPostprocessing = 0;
		};
		D5F2D0E61CBB752B00FBD289 /* Frameworks */ = {
			isa = PBXFrameworksBuildPhase;
			buildActionMask = 2147483647;
			files = (
			);
			runOnlyForDeploymentPostprocessing = 0;
		};
/* End PBXFrameworksBuildPhase section */

/* Begin PBXGroup section */
		D50B950F1CCE0B2000F229DB /* ServicesModels */ = {
			isa = PBXGroup;
			children = (
				D50B95641CCE0C1900F229DB /* RYQuestionModel.h */,
				D50B95651CCE0C1900F229DB /* RYQuestionModel.m */,
			);
			path = ServicesModels;
			sourceTree = "<group>";
		};
		D50B95101CCE0B2000F229DB /* SettingItemModels */ = {
			isa = PBXGroup;
			children = (
				D50B95111CCE0B2000F229DB /* RYArrowSettingItem.h */,
				D50B95121CCE0B2000F229DB /* RYArrowSettingItem.m */,
				D50B95131CCE0B2000F229DB /* RYSettingItem.h */,
				D50B95141CCE0B2000F229DB /* RYSettingItem.m */,
				D50B95151CCE0B2000F229DB /* RYSettingItemGroup.h */,
				D50B95161CCE0B2000F229DB /* RYSettingItemGroup.m */,
				D50B95171CCE0B2000F229DB /* RYSwitchSettingItem.h */,
				D50B95181CCE0B2000F229DB /* RYSwitchSettingItem.m */,
			);
			path = SettingItemModels;
			sourceTree = "<group>";
		};
		D50B951D1CCE0B8900F229DB /* Data */ = {
			isa = PBXGroup;
			children = (
				D50B951E1CCE0B8900F229DB /* cywt.json */,
				D50B951F1CCE0B8900F229DB /* help.json */,
				D50B95201CCE0B8900F229DB /* more_project.json */,
				D50B95211CCE0B8900F229DB /* products.json */,
			);
			path = Data;
			sourceTree = "<group>";
		};
		D50B95221CCE0B8900F229DB /* Html */ = {
			isa = PBXGroup;
			children = (
				D50B95231CCE0B8900F229DB /* bjdc_howto.html */,
				D50B95241CCE0B8900F229DB /* coupon_help.html */,
				D50B95251CCE0B8900F229DB /* credit_help.html */,
				D50B95261CCE0B8900F229DB /* dlt_howto.html */,
				D50B95271CCE0B8900F229DB /* f9_howto.html */,
				D50B95281CCE0B8900F229DB /* gdy11_howto.html */,
				D50B95291CCE0B8900F229DB /* group_record.html */,
				D50B952A1CCE0B8900F229DB /* help.html */,
				D50B952B1CCE0B8900F229DB /* helpGroupBuy.html */,
				D50B952C1CCE0B8900F229DB /* jclq_howto.html */,
				D50B952D1CCE0B8900F229DB /* jczq_howto.html */,
				D50B952E1CCE0B8900F229DB /* jxssc_howto.html */,
				D50B952F1CCE0B8900F229DB /* jxy11_howto.html */,
				D50B95301CCE0B8900F229DB /* k2_howto.html */,
				D50B95311CCE0B8900F229DB /* k3_howto.html */,
				D50B95321CCE0B8900F229DB /* kl8_howto.html */,
				D50B95331CCE0B8900F229DB /* lk11_howto.html */,
				D50B95341CCE0B8900F229DB /* networkconnectedfailed.html */,
				D50B95351CCE0B8900F229DB /* pl3_howto.html */,
				D50B95361CCE0B8900F229DB /* pl5_howto.html */,
				D50B95371CCE0B8900F229DB /* qlc_howto.html */,
				D50B95381CCE0B8900F229DB /* qxc_howto.html */,
				D50B95391CCE0B8900F229DB /* rule.css */,
				D50B953A1CCE0B8900F229DB /* sfc_howto.html */,
				D50B953B1CCE0B8900F229DB /* ssc_howto.html */,
				D50B953C1CCE0B8900F229DB /* ssq_howto.html */,
				D50B953D1CCE0B8900F229DB /* x3d_howto.html */,
				D50B953E1CCE0B8900F229DB /* y11_howto.html */,
				D50B953F1CCE0B8900F229DB /* znzh.html */,
			);
			path = Html;
			sourceTree = "<group>";
		};
		D5B907641CC71A1E000A55D0 /* NewFeature(新特性) */ = {
			isa = PBXGroup;
			children = (
				D5B907651CC71A1E000A55D0 /* Controllers */,
				D5B907661CC71A1E000A55D0 /* Models */,
				D5B907671CC71A1E000A55D0 /* Views */,
			);
			path = "NewFeature(新特性)";
			sourceTree = "<group>";
		};
		D5B907651CC71A1E000A55D0 /* Controllers */ = {
			isa = PBXGroup;
			children = (
				D5B907681CC71A9E000A55D0 /* RYNewFeatureCollectionViewController.h */,
				D5B907691CC71A9E000A55D0 /* RYNewFeatureCollectionViewController.m */,
			);
			path = Controllers;
			sourceTree = "<group>";
		};
		D5B907661CC71A1E000A55D0 /* Models */ = {
			isa = PBXGroup;
			children = (
			);
			path = Models;
			sourceTree = "<group>";
		};
		D5B907671CC71A1E000A55D0 /* Views */ = {
			isa = PBXGroup;
			children = (
				D5B9076E1CC752F2000A55D0 /* RYNewFeatureCollectionViewCell.h */,
				D5B9076F1CC752F2000A55D0 /* RYNewFeatureCollectionViewCell.m */,
			);
			path = Views;
			sourceTree = "<group>";
		};
		D5BF6C501CCA0044005D7184 /* DRNRealTimeBlurView */ = {
			isa = PBXGroup;
			children = (
				D5BF6C511CCA0044005D7184 /* DRNRealTimeBlurView.h */,
				D5BF6C521CCA0044005D7184 /* DRNRealTimeBlurView.m */,
				D5BF6C531CCA0044005D7184 /* UIImage+BoxBlur.h */,
				D5BF6C541CCA0044005D7184 /* UIImage+BoxBlur.m */,
			);
			path = DRNRealTimeBlurView;
			sourceTree = "<group>";
		};
		D5BF6C551CCA0044005D7184 /* MBProgressHUD */ = {
			isa = PBXGroup;
			children = (
				D5BF6C561CCA0044005D7184 /* MBProgressHUD+RY.h */,
				D5BF6C571CCA0044005D7184 /* MBProgressHUD+RY.m */,
				D5BF6C581CCA0044005D7184 /* MBProgressHUD.bundle */,
				D5BF6C591CCA0044005D7184 /* MBProgressHUD.h */,
				D5BF6C5A1CCA0044005D7184 /* MBProgressHUD.m */,
			);
			path = MBProgressHUD;
			sourceTree = "<group>";
		};
		D5F1BB311CBDEDDB00A270DC /* Classes */ = {
			isa = PBXGroup;
			children = (
				D5F1BB321CBDEDDB00A270DC /* Application */,
				D5F1BB371CBDEDDB00A270DC /* General */,
				D5F1BB3C1CBDEDDB00A270DC /* Macro */,
				D5F1BB3D1CBDEDDB00A270DC /* Resuorces */,
				D5F1BB401CBDEDDB00A270DC /* Sections */,
				D5F1BB551CBDEDDB00A270DC /* Utilities */,
				D5F1BB561CBDEDDB00A270DC /* Vendors */,
			);
			path = Classes;
			sourceTree = "<group>";
		};
		D5F1BB321CBDEDDB00A270DC /* Application */ = {
			isa = PBXGroup;
			children = (
				D5F1BB331CBDEDDB00A270DC /* AppDelegate.h */,
				D5F1BB341CBDEDDB00A270DC /* AppDelegate.m */,
				D5F1BB361CBDEDDB00A270DC /* main.m */,
				D5F1BB5A1CBDEE9D00A270DC /* Info.plist */,
			);
			path = Application;
			sourceTree = "<group>";
		};
		D5F1BB371CBDEDDB00A270DC /* General */ = {
			isa = PBXGroup;
			children = (
				D5F1BB381CBDEDDB00A270DC /* Categories */,
				D5F1BB391CBDEDDB00A270DC /* Controllers */,
				D5F1BB3A1CBDEDDB00A270DC /* Models */,
				D5F1BB3B1CBDEDDB00A270DC /* Views */,
			);
			path = General;
			sourceTree = "<group>";
		};
		D5F1BB381CBDEDDB00A270DC /* Categories */ = {
			isa = PBXGroup;
			children = (
				D5F1BB801CBE4D7100A270DC /* UIImage+Utils.h */,
				D5F1BB811CBE4D7100A270DC /* UIImage+Utils.m */,
				D5F1BB841CBE5CE500A270DC /* UIView+Frame.h */,
				D5F1BB851CBE5CE500A270DC /* UIView+Frame.m */,
				D5BF6C4D1CC9F6F7005D7184 /* NSArray+Log.h */,
				D5BF6C4E1CC9F6F7005D7184 /* NSArray+Log.m */,
				D50B95671CCE1DB800F229DB /* NSObject+Model.h */,
				D50B95681CCE1DB800F229DB /* NSObject+Model.m */,
			);
			path = Categories;
			sourceTree = "<group>";
		};
		D5F1BB391CBDEDDB00A270DC /* Controllers */ = {
			isa = PBXGroup;
			children = (
				D5F1BB5C1CBDEF5F00A270DC /* RYBaseViewController.h */,
				D5F1BB5D1CBDEF5F00A270DC /* RYBaseViewController.m */,
				D5F1BB5F1CBDEF8800A270DC /* RYBaseTableViewController.h */,
				D5F1BB601CBDEF8800A270DC /* RYBaseTableViewController.m */,
				D5BF6C631CCA182B005D7184 /* RYBaseSettingTableViewController.h */,
				D5BF6C641CCA182B005D7184 /* RYBaseSettingTableViewController.m */,
				D5B9076B1CC72A88000A55D0 /* RYBaseCollectionViewController.h */,
				D5B9076C1CC72A88000A55D0 /* RYBaseCollectionViewController.m */,
				D5F1BB621CBDF03600A270DC /* RYTabBarController.h */,
				D5F1BB631CBDF03600A270DC /* RYTabBarController.m */,
				D5F1BB651CBDF06400A270DC /* RYNavigationController.h */,
				D5F1BB661CBDF06400A270DC /* RYNavigationController.m */,
			);
			path = Controllers;
			sourceTree = "<group>";
		};
		D5F1BB3A1CBDEDDB00A270DC /* Models */ = {
			isa = PBXGroup;
			children = (
				D50B95611CCE0BF700F229DB /* RYBaseModel.h */,
				D50B95621CCE0BF700F229DB /* RYBaseModel.m */,
			);
			path = Models;
			sourceTree = "<group>";
		};
		D5F1BB3B1CBDEDDB00A270DC /* Views */ = {
			isa = PBXGroup;
			children = (
				D5F1BB7A1CBE0D2500A270DC /* RYTabBar.h */,
				D5F1BB7B1CBE0D2500A270DC /* RYTabBar.m */,
				D5F1BB7D1CBE267700A270DC /* RYBarButton.h */,
				D5F1BB7E1CBE267700A270DC /* RYBarButton.m */,
				D59D2F821CC5BD0800BD186B /* RYDivideLineView.h */,
				D59D2F831CC5BD0800BD186B /* RYDivideLineView.m */,
			);
			path = Views;
			sourceTree = "<group>";
		};
		D5F1BB3C1CBDEDDB00A270DC /* Macro */ = {
			isa = PBXGroup;
			children = (
				D5F1BB831CBE4EDC00A270DC /* LotteryPrefix.pch */,
				D5BFFE611CC0E05100D0F986 /* AppMacro.h */,
			);
			path = Macro;
			sourceTree = "<group>";
		};
		D5F1BB3D1CBDEDDB00A270DC /* Resuorces */ = {
			isa = PBXGroup;
			children = (
				D5F1BB3E1CBDEDDB00A270DC /* Files */,
				D5F1BB3F1CBDEDDB00A270DC /* Images */,
			);
			path = Resuorces;
			sourceTree = "<group>";
		};
		D5F1BB3E1CBDEDDB00A270DC /* Files */ = {
			isa = PBXGroup;
			children = (
				D50B951D1CCE0B8900F229DB /* Data */,
				D50B95221CCE0B8900F229DB /* Html */,
			);
			path = Files;
			sourceTree = "<group>";
		};
		D5F1BB3F1CBDEDDB00A270DC /* Images */ = {
			isa = PBXGroup;
			children = (
			);
			path = Images;
			sourceTree = "<group>";
		};
		D5F1BB401CBDEDDB00A270DC /* Sections */ = {
			isa = PBXGroup;
			children = (
				D5B907641CC71A1E000A55D0 /* NewFeature(新特性) */,
				D5F1BB411CBDEDDB00A270DC /* Arena(竞技场) */,
				D5F1BB451CBDEDDB00A270DC /* Discover(发现) */,
				D5F1BB491CBDEDDB00A270DC /* Hall(购彩大厅) */,
				D5F1BB4D1CBDEDDB00A270DC /* History(开奖信息) */,
				D5F1BB511CBDEDDB00A270DC /* MyLottery(我的彩票) */,
			);
			path = Sections;
			sourceTree = "<group>";
		};
		D5F1BB411CBDEDDB00A270DC /* Arena(竞技场) */ = {
			isa = PBXGroup;
			children = (
				D5F1BB421CBDEDDB00A270DC /* Controllers */,
				D5F1BB431CBDEDDB00A270DC /* Models */,
				D5F1BB441CBDEDDB00A270DC /* Views */,
			);
			path = "Arena(竞技场)";
			sourceTree = "<group>";
		};
		D5F1BB421CBDEDDB00A270DC /* Controllers */ = {
			isa = PBXGroup;
			children = (
				D5F1BB6B1CBDF0B800A270DC /* RYArenaViewController.h */,
				D5F1BB6C1CBDF0B800A270DC /* RYArenaViewController.m */,
				D59D2F8B1CC60DFC00BD186B /* RYArenaNavigationController.h */,
				D59D2F8C1CC60DFC00BD186B /* RYArenaNavigationController.m */,
			);
			path = Controllers;
			sourceTree = "<group>";
		};
		D5F1BB431CBDEDDB00A270DC /* Models */ = {
			isa = PBXGroup;
			children = (
			);
			path = Models;
			sourceTree = "<group>";
		};
		D5F1BB441CBDEDDB00A270DC /* Views */ = {
			isa = PBXGroup;
			children = (
			);
			path = Views;
			sourceTree = "<group>";
		};
		D5F1BB451CBDEDDB00A270DC /* Discover(发现) */ = {
			isa = PBXGroup;
			children = (
				D5F1BB461CBDEDDB00A270DC /* Controllers */,
				D5F1BB471CBDEDDB00A270DC /* Models */,
				D5F1BB481CBDEDDB00A270DC /* Views */,
			);
			path = "Discover(发现)";
			sourceTree = "<group>";
		};
		D5F1BB461CBDEDDB00A270DC /* Controllers */ = {
			isa = PBXGroup;
			children = (
				D5F1BB711CBDF11100A270DC /* RYDiscoverTableViewController.h */,
				D5F1BB721CBDF11100A270DC /* RYDiscoverTableViewController.m */,
				D59D2F8E1CC61CC200BD186B /* RYDiscoverTableViewController.storyboard */,
				D59D2F901CC625F000BD186B /* RYGroupBuyTableViewController.h */,
				D59D2F911CC625F000BD186B /* RYGroupBuyTableViewController.m */,
				D59D2F9C1CC6369400BD186B /* RYLuckyNumberViewController.h */,
				D59D2F9D1CC6369400BD186B /* RYLuckyNumberViewController.m */,
			);
			path = Controllers;
			sourceTree = "<group>";
		};
		D5F1BB471CBDEDDB00A270DC /* Models */ = {
			isa = PBXGroup;
			children = (
			);
			path = Models;
			sourceTree = "<group>";
		};
		D5F1BB481CBDEDDB00A270DC /* Views */ = {
			isa = PBXGroup;
			children = (
				D59D2F961CC627F500BD186B /* RYTitleButton.h */,
				D59D2F971CC627F500BD186B /* RYTitleButton.m */,
				D59D2F991CC6351300BD186B /* RYLuckyNumberView.h */,
				D59D2F9A1CC6351300BD186B /* RYLuckyNumberView.m */,
			);
			path = Views;
			sourceTree = "<group>";
		};
		D5F1BB491CBDEDDB00A270DC /* Hall(购彩大厅) */ = {
			isa = PBXGroup;
			children = (
				D5F1BB4A1CBDEDDB00A270DC /* Controllers */,
				D5F1BB4B1CBDEDDB00A270DC /* Models */,
				D5F1BB4C1CBDEDDB00A270DC /* Views */,
			);
			path = "Hall(购彩大厅)";
			sourceTree = "<group>";
		};
		D5F1BB4A1CBDEDDB00A270DC /* Controllers */ = {
			isa = PBXGroup;
			children = (
				D5F1BB741CBDF12800A270DC /* RYHallTableViewController.h */,
				D5F1BB751CBDF12800A270DC /* RYHallTableViewController.m */,
			);
			path = Controllers;
			sourceTree = "<group>";
		};
		D5F1BB4B1CBDEDDB00A270DC /* Models */ = {
			isa = PBXGroup;
			children = (
				D5196A171CC3CC6800D781E7 /* RYPopMenuItemModel.h */,
				D5196A181CC3CC6800D781E7 /* RYPopMenuItemModel.m */,
			);
			path = Models;
			sourceTree = "<group>";
		};
		D5F1BB4C1CBDEDDB00A270DC /* Views */ = {
			isa = PBXGroup;
			children = (
				D5BFFE5E1CC0DF6500D0F986 /* RYCoverView.h */,
				D5BFFE5F1CC0DF6500D0F986 /* RYCoverView.m */,
				D5BFFE621CC0E1F800D0F986 /* RYContentView.h */,
				D5BFFE631CC0E1F800D0F986 /* RYContentView.m */,
				D5196A141CC3CB9800D781E7 /* RYPopMenuView.h */,
				D5196A151CC3CB9800D781E7 /* RYPopMenuView.m */,
			);
			path = Views;
			sourceTree = "<group>";
		};
		D5F1BB4D1CBDEDDB00A270DC /* History(开奖信息) */ = {
			isa = PBXGroup;
			children = (
				D5F1BB4E1CBDEDDB00A270DC /* Controllers */,
				D5F1BB4F1CBDEDDB00A270DC /* Models */,
				D5F1BB501CBDEDDB00A270DC /* Views */,
			);
			path = "History(开奖信息)";
			sourceTree = "<group>";
		};
		D5F1BB4E1CBDEDDB00A270DC /* Controllers */ = {
			isa = PBXGroup;
			children = (
				D5F1BB771CBDF13A00A270DC /* RYHistoryTableViewController.h */,
				D5F1BB781CBDF13A00A270DC /* RYHistoryTableViewController.m */,
			);
			path = Controllers;
			sourceTree = "<group>";
		};
		D5F1BB4F1CBDEDDB00A270DC /* Models */ = {
			isa = PBXGroup;
			children = (
			);
			path = Models;
			sourceTree = "<group>";
		};
		D5F1BB501CBDEDDB00A270DC /* Views */ = {
			isa = PBXGroup;
			children = (
			);
			path = Views;
			sourceTree = "<group>";
		};
		D5F1BB511CBDEDDB00A270DC /* MyLottery(我的彩票) */ = {
			isa = PBXGroup;
			children = (
				D5F1BB521CBDEDDB00A270DC /* Controllers */,
				D5F1BB531CBDEDDB00A270DC /* Models */,
				D5F1BB541CBDEDDB00A270DC /* Views */,
			);
			path = "MyLottery(我的彩票)";
			sourceTree = "<group>";
		};
		D5F1BB521CBDEDDB00A270DC /* Controllers */ = {
			isa = PBXGroup;
			children = (
				D5A6DAB11CC677B500B99FB4 /* RYMyLotteryViewController.h */,
				D5A6DAB21CC677B500B99FB4 /* RYMyLotteryViewController.m */,
				D5A6DAB31CC677B500B99FB4 /* RYMyLotteryViewController.xib */,
				D59D8F441CC7BF8400E21CAA /* RYSettingTableViewController.h */,
				D59D8F451CC7BF8400E21CAA /* RYSettingTableViewController.m */,
				D50B950C1CCE08E600F229DB /* RYQuestionTableViewController.h */,
				D50B950D1CCE08E600F229DB /* RYQuestionTableViewController.m */,
				D5C1CDD21CCF67D1003099D3 /* RYQuestionDetailViewController.h */,
				D5C1CDD31CCF67D1003099D3 /* RYQuestionDetailViewController.m */,
				D5BF6C601CCA0FEC005D7184 /* RYConvertCodeViewController.h */,
				D5BF6C611CCA0FEC005D7184 /* RYConvertCodeViewController.m */,
				D5BF6C661CCA1EC8005D7184 /* RYPushNotificationViewController.h */,
				D5BF6C671CCA1EC8005D7184 /* RYPushNotificationViewController.m */,
				D5BF6C691CCA27A6005D7184 /* RYAnnouncePrizeViewController.h */,
				D5BF6C6A1CCA27A6005D7184 /* RYAnnouncePrizeViewController.m */,
				D5BF6C6C1CCA2884005D7184 /* RYScoreTeleviseViewController.h */,
				D5BF6C6D1CCA2884005D7184 /* RYScoreTeleviseViewController.m */,
			);
			path = Controllers;
			sourceTree = "<group>";
		};
		D5F1BB531CBDEDDB00A270DC /* Models */ = {
			isa = PBXGroup;
			children = (
				D50B950F1CCE0B2000F229DB /* ServicesModels */,
				D50B95101CCE0B2000F229DB /* SettingItemModels */,
			);
			path = Models;
			sourceTree = "<group>";
		};
		D5F1BB541CBDEDDB00A270DC /* Views */ = {
			isa = PBXGroup;
			children = (
				D5BF6C441CC9EBCB005D7184 /* RYSettingTableViewCell.h */,
				D5BF6C451CC9EBCB005D7184 /* RYSettingTableViewCell.m */,
			);
			path = Views;
			sourceTree = "<group>";
		};
		D5F1BB551CBDEDDB00A270DC /* Utilities */ = {
			isa = PBXGroup;
			children = (
				D5B907711CC78B8B000A55D0 /* RYSaveDataLocationUtil.h */,
				D5B907721CC78B8B000A55D0 /* RYSaveDataLocationUtil.m */,
				D5B907741CC78C8C000A55D0 /* RYChoseViewController.h */,
				D5B907751CC78C8C000A55D0 /* RYChoseViewController.m */,
			);
			path = Utilities;
			sourceTree = "<group>";
		};
		D5F1BB561CBDEDDB00A270DC /* Vendors */ = {
			isa = PBXGroup;
			children = (
				D5BF6C501CCA0044005D7184 /* DRNRealTimeBlurView */,
				D5BF6C551CCA0044005D7184 /* MBProgressHUD */,
			);
			path = Vendors;
			sourceTree = "<group>";
		};
		D5F2D0BC1CBB752B00FBD289 = {
			isa = PBXGroup;
			children = (
				D5F2D0C71CBB752B00FBD289 /* 20160411001-RYLottery */,
				D5F2D0E11CBB752B00FBD289 /* 20160411001-RYLotteryTests */,
				D5F2D0EC1CBB752B00FBD289 /* 20160411001-RYLotteryUITests */,
				D5F2D0C61CBB752B00FBD289 /* Products */,
			);
			sourceTree = "<group>";
		};
		D5F2D0C61CBB752B00FBD289 /* Products */ = {
			isa = PBXGroup;
			children = (
				D5F2D0C51CBB752B00FBD289 /* 20160411001-RYLottery.app */,
				D5F2D0DE1CBB752B00FBD289 /* 20160411001-RYLotteryTests.xctest */,
				D5F2D0E91CBB752B00FBD289 /* 20160411001-RYLotteryUITests.xctest */,
			);
			name = Products;
			sourceTree = "<group>";
		};
		D5F2D0C71CBB752B00FBD289 /* 20160411001-RYLottery */ = {
			isa = PBXGroup;
			children = (
				D5F1BB311CBDEDDB00A270DC /* Classes */,
				D5F2D0C81CBB752B00FBD289 /* Supporting Files */,
			);
			path = "20160411001-RYLottery";
			sourceTree = "<group>";
		};
		D5F2D0C81CBB752B00FBD289 /* Supporting Files */ = {
			isa = PBXGroup;
			children = (
				D5F2D0D41CBB752B00FBD289 /* Assets.xcassets */,
				D5F2D0D61CBB752B00FBD289 /* LaunchScreen.storyboard */,
			);
			name = "Supporting Files";
			sourceTree = "<group>";
		};
		D5F2D0E11CBB752B00FBD289 /* 20160411001-RYLotteryTests */ = {
			isa = PBXGroup;
			children = (
				D5F2D0E21CBB752B00FBD289 /* _0160411001_RYLotteryTests.m */,
				D5F2D0E41CBB752B00FBD289 /* Info.plist */,
			);
			path = "20160411001-RYLotteryTests";
			sourceTree = "<group>";
		};
		D5F2D0EC1CBB752B00FBD289 /* 20160411001-RYLotteryUITests */ = {
			isa = PBXGroup;
			children = (
				D5F2D0ED1CBB752B00FBD289 /* _0160411001_RYLotteryUITests.m */,
				D5F2D0EF1CBB752B00FBD289 /* Info.plist */,
			);
			path = "20160411001-RYLotteryUITests";
			sourceTree = "<group>";
		};
/* End PBXGroup section */

/* Begin PBXNativeTarget section */
		D5F2D0C41CBB752B00FBD289 /* 20160411001-RYLottery */ = {
			isa = PBXNativeTarget;
			buildConfigurationList = D5F2D0F21CBB752B00FBD289 /* Build configuration list for PBXNativeTarget "20160411001-RYLottery" */;
			buildPhases = (
				D5F2D0C11CBB752B00FBD289 /* Sources */,
				D5F2D0C21CBB752B00FBD289 /* Frameworks */,
				D5F2D0C31CBB752B00FBD289 /* Resources */,
			);
			buildRules = (
			);
			dependencies = (
			);
			name = "20160411001-RYLottery";
			productName = "20160411001-RYLottery";
			productReference = D5F2D0C51CBB752B00FBD289 /* 20160411001-RYLottery.app */;
			productType = "com.apple.product-type.application";
		};
		D5F2D0DD1CBB752B00FBD289 /* 20160411001-RYLotteryTests */ = {
			isa = PBXNativeTarget;
			buildConfigurationList = D5F2D0F51CBB752B00FBD289 /* Build configuration list for PBXNativeTarget "20160411001-RYLotteryTests" */;
			buildPhases = (
				D5F2D0DA1CBB752B00FBD289 /* Sources */,
				D5F2D0DB1CBB752B00FBD289 /* Frameworks */,
				D5F2D0DC1CBB752B00FBD289 /* Resources */,
			);
			buildRules = (
			);
			dependencies = (
				D5F2D0E01CBB752B00FBD289 /* PBXTargetDependency */,
			);
			name = "20160411001-RYLotteryTests";
			productName = "20160411001-RYLotteryTests";
			productReference = D5F2D0DE1CBB752B00FBD289 /* 20160411001-RYLotteryTests.xctest */;
			productType = "com.apple.product-type.bundle.unit-test";
		};
		D5F2D0E81CBB752B00FBD289 /* 20160411001-RYLotteryUITests */ = {
			isa = PBXNativeTarget;
			buildConfigurationList = D5F2D0F81CBB752B00FBD289 /* Build configuration list for PBXNativeTarget "20160411001-RYLotteryUITests" */;
			buildPhases = (
				D5F2D0E51CBB752B00FBD289 /* Sources */,
				D5F2D0E61CBB752B00FBD289 /* Frameworks */,
				D5F2D0E71CBB752B00FBD289 /* Resources */,
			);
			buildRules = (
			);
			dependencies = (
				D5F2D0EB1CBB752B00FBD289 /* PBXTargetDependency */,
			);
			name = "20160411001-RYLotteryUITests";
			productName = "20160411001-RYLotteryUITests";
			productReference = D5F2D0E91CBB752B00FBD289 /* 20160411001-RYLotteryUITests.xctest */;
			productType = "com.apple.product-type.bundle.ui-testing";
		};
/* End PBXNativeTarget section */

/* Begin PBXProject section */
		D5F2D0BD1CBB752B00FBD289 /* Project object */ = {
			isa = PBXProject;
			attributes = {
				CLASSPREFIX = RY;
				LastUpgradeCheck = 0730;
				ORGANIZATIONNAME = Rainer;
				TargetAttributes = {
					D5F2D0C41CBB752B00FBD289 = {
						CreatedOnToolsVersion = 7.3;
					};
					D5F2D0DD1CBB752B00FBD289 = {
						CreatedOnToolsVersion = 7.3;
						TestTargetID = D5F2D0C41CBB752B00FBD289;
					};
					D5F2D0E81CBB752B00FBD289 = {
						CreatedOnToolsVersion = 7.3;
						TestTargetID = D5F2D0C41CBB752B00FBD289;
					};
				};
			};
			buildConfigurationList = D5F2D0C01CBB752B00FBD289 /* Build configuration list for PBXProject "20160411001-RYLottery" */;
			compatibilityVersion = "Xcode 3.2";
			developmentRegion = English;
			hasScannedForEncodings = 0;
			knownRegions = (
				en,
				Base,
			);
			mainGroup = D5F2D0BC1CBB752B00FBD289;
			productRefGroup = D5F2D0C61CBB752B00FBD289 /* Products */;
			projectDirPath = "";
			projectRoot = "";
			targets = (
				D5F2D0C41CBB752B00FBD289 /* 20160411001-RYLottery */,
				D5F2D0DD1CBB752B00FBD289 /* 20160411001-RYLotteryTests */,
				D5F2D0E81CBB752B00FBD289 /* 20160411001-RYLotteryUITests */,
			);
		};
/* End PBXProject section */

/* Begin PBXResourcesBuildPhase section */
		D5F2D0C31CBB752B00FBD289 /* Resources */ = {
			isa = PBXResourcesBuildPhase;
			buildActionMask = 2147483647;
			files = (
				D50B95541CCE0B8900F229DB /* lk11_howto.html in Resources */,
				D50B955E1CCE0B8900F229DB /* x3d_howto.html in Resources */,
				D50B954C1CCE0B8900F229DB /* helpGroupBuy.html in Resources */,
				D50B95581CCE0B8900F229DB /* qlc_howto.html in Resources */,
				D50B95441CCE0B8900F229DB /* bjdc_howto.html in Resources */,
				D50B955D1CCE0B8900F229DB /* ssq_howto.html in Resources */,
				D50B954B1CCE0B8900F229DB /* help.html in Resources */,
				D50B95551CCE0B8900F229DB /* networkconnectedfailed.html in Resources */,
				D59D2F8F1CC61CC200BD186B /* RYDiscoverTableViewController.storyboard in Resources */,
				D50B954D1CCE0B8900F229DB /* jclq_howto.html in Resources */,
				D50B95511CCE0B8900F229DB /* k2_howto.html in Resources */,
				D50B955C1CCE0B8900F229DB /* ssc_howto.html in Resources */,
				D50B95401CCE0B8900F229DB /* cywt.json in Resources */,
				D50B95411CCE0B8900F229DB /* help.json in Resources */,
				D50B955A1CCE0B8900F229DB /* rule.css in Resources */,
				D5F2D0D81CBB752B00FBD289 /* LaunchScreen.storyboard in Resources */,
				D5A6DAB51CC677B500B99FB4 /* RYMyLotteryViewController.xib in Resources */,
				D50B95591CCE0B8900F229DB /* qxc_howto.html in Resources */,
				D50B95531CCE0B8900F229DB /* kl8_howto.html in Resources */,
				D50B95601CCE0B8900F229DB /* znzh.html in Resources */,
				D50B95431CCE0B8900F229DB /* products.json in Resources */,
				D50B955F1CCE0B8900F229DB /* y11_howto.html in Resources */,
				D5F2D0D51CBB752B00FBD289 /* Assets.xcassets in Resources */,
				D5F1BB5B1CBDEE9D00A270DC /* Info.plist in Resources */,
				D50B954E1CCE0B8900F229DB /* jczq_howto.html in Resources */,
				D50B954A1CCE0B8900F229DB /* group_record.html in Resources */,
				D50B954F1CCE0B8900F229DB /* jxssc_howto.html in Resources */,
				D50B95491CCE0B8900F229DB /* gdy11_howto.html in Resources */,
				D50B955B1CCE0B8900F229DB /* sfc_howto.html in Resources */,
				D50B95571CCE0B8900F229DB /* pl5_howto.html in Resources */,
				D50B95471CCE0B8900F229DB /* dlt_howto.html in Resources */,
				D50B95461CCE0B8900F229DB /* credit_help.html in Resources */,
				D50B95501CCE0B8900F229DB /* jxy11_howto.html in Resources */,
				D50B95481CCE0B8900F229DB /* f9_howto.html in Resources */,
				D50B95521CCE0B8900F229DB /* k3_howto.html in Resources */,
				D50B95561CCE0B8900F229DB /* pl3_howto.html in Resources */,
				D50B95421CCE0B8900F229DB /* more_project.json in Resources */,
				D5BF6C5E1CCA0045005D7184 /* MBProgressHUD.bundle in Resources */,
				D50B95451CCE0B8900F229DB /* coupon_help.html in Resources */,
			);
			runOnlyForDeploymentPostprocessing = 0;
		};
		D5F2D0DC1CBB752B00FBD289 /* Resources */ = {
			isa = PBXResourcesBuildPhase;
			buildActionMask = 2147483647;
			files = (
			);
			runOnlyForDeploymentPostprocessing = 0;
		};
		D5F2D0E71CBB752B00FBD289 /* Resources */ = {
			isa = PBXResourcesBuildPhase;
			buildActionMask = 2147483647;
			files = (
			);
			runOnlyForDeploymentPostprocessing = 0;
		};
/* End PBXResourcesBuildPhase section */

/* Begin PBXSourcesBuildPhase section */
		D5F2D0C11CBB752B00FBD289 /* Sources */ = {
			isa = PBXSourcesBuildPhase;
			buildActionMask = 2147483647;
			files = (
				D59D8F461CC7BF8400E21CAA /* RYSettingTableViewController.m in Sources */,
				D5F1BB591CBDEDDB00A270DC /* main.m in Sources */,
				D5F1BB6D1CBDF0B800A270DC /* RYArenaViewController.m in Sources */,
				D5C1CDD41CCF67D1003099D3 /* RYQuestionDetailViewController.m in Sources */,
				D5F1BB861CBE5CE500A270DC /* UIView+Frame.m in Sources */,
				D5BF6C461CC9EBCB005D7184 /* RYSettingTableViewCell.m in Sources */,
				D5F1BB821CBE4D7100A270DC /* UIImage+Utils.m in Sources */,
				D5B907761CC78C8C000A55D0 /* RYChoseViewController.m in Sources */,
				D5F1BB641CBDF03600A270DC /* RYTabBarController.m in Sources */,
				D5BF6C5C1CCA0045005D7184 /* UIImage+BoxBlur.m in Sources */,
				D50B95691CCE1DB800F229DB /* NSObject+Model.m in Sources */,
				D5196A161CC3CB9800D781E7 /* RYPopMenuView.m in Sources */,
				D5F1BB7C1CBE0D2500A270DC /* RYTabBar.m in Sources */,
				D5F1BB571CBDEDDB00A270DC /* AppDelegate.m in Sources */,
				D5F1BB5E1CBDEF5F00A270DC /* RYBaseViewController.m in Sources */,
				D5BF6C4F1CC9F6F7005D7184 /* NSArray+Log.m in Sources */,
				D5F1BB791CBDF13A00A270DC /* RYHistoryTableViewController.m in Sources */,
				D5BFFE641CC0E1F800D0F986 /* RYContentView.m in Sources */,
				D50B95191CCE0B2000F229DB /* RYArrowSettingItem.m in Sources */,
				D5F1BB671CBDF06400A270DC /* RYNavigationController.m in Sources */,
				D59D2F9B1CC6351300BD186B /* RYLuckyNumberView.m in Sources */,
				D5F1BB761CBDF12800A270DC /* RYHallTableViewController.m in Sources */,
				D5F1BB611CBDEF8800A270DC /* RYBaseTableViewController.m in Sources */,
				D5BF6C6E1CCA2884005D7184 /* RYScoreTeleviseViewController.m in Sources */,
				D5BFFE601CC0DF6500D0F986 /* RYCoverView.m in Sources */,
				D5BF6C5B1CCA0045005D7184 /* DRNRealTimeBlurView.m in Sources */,
				D50B951C1CCE0B2000F229DB /* RYSwitchSettingItem.m in Sources */,
				D5BF6C621CCA0FEC005D7184 /* RYConvertCodeViewController.m in Sources */,
				D59D2F841CC5BD0800BD186B /* RYDivideLineView.m in Sources */,
				D5B9076D1CC72A88000A55D0 /* RYBaseCollectionViewController.m in Sources */,
				D50B950E1CCE08E600F229DB /* RYQuestionTableViewController.m in Sources */,
				D50B951B1CCE0B2000F229DB /* RYSettingItemGroup.m in Sources */,
				D59D2F8D1CC60DFC00BD186B /* RYArenaNavigationController.m in Sources */,
				D5F1BB7F1CBE267700A270DC /* RYBarButton.m in Sources */,
				D59D2F921CC625F000BD186B /* RYGroupBuyTableViewController.m in Sources */,
				D5B907731CC78B8B000A55D0 /* RYSaveDataLocationUtil.m in Sources */,
				D5BF6C6B1CCA27A6005D7184 /* RYAnnouncePrizeViewController.m in Sources */,
				D59D2F9E1CC6369400BD186B /* RYLuckyNumberViewController.m in Sources */,
				D5B9076A1CC71A9E000A55D0 /* RYNewFeatureCollectionViewController.m in Sources */,
				D5BF6C5D1CCA0045005D7184 /* MBProgressHUD+RY.m in Sources */,
				D50B951A1CCE0B2000F229DB /* RYSettingItem.m in Sources */,
				D5B907701CC752F2000A55D0 /* RYNewFeatureCollectionViewCell.m in Sources */,
				D5BF6C5F1CCA0045005D7184 /* MBProgressHUD.m in Sources */,
				D5BF6C651CCA182B005D7184 /* RYBaseSettingTableViewController.m in Sources */,
				D5196A191CC3CC6800D781E7 /* RYPopMenuItemModel.m in Sources */,
				D59D2F981CC627F500BD186B /* RYTitleButton.m in Sources */,
				D5A6DAB41CC677B500B99FB4 /* RYMyLotteryViewController.m in Sources */,
				D5BF6C681CCA1EC8005D7184 /* RYPushNotificationViewController.m in Sources */,
				D50B95661CCE0C1900F229DB /* RYQuestionModel.m in Sources */,
				D5F1BB731CBDF11100A270DC /* RYDiscoverTableViewController.m in Sources */,
				D50B95631CCE0BF700F229DB /* RYBaseModel.m in Sources */,
			);
			runOnlyForDeploymentPostprocessing = 0;
		};
		D5F2D0DA1CBB752B00FBD289 /* Sources */ = {
			isa = PBXSourcesBuildPhase;
			buildActionMask = 2147483647;
			files = (
				D5F2D0E31CBB752B00FBD289 /* _0160411001_RYLotteryTests.m in Sources */,
			);
			runOnlyForDeploymentPostprocessing = 0;
		};
		D5F2D0E51CBB752B00FBD289 /* Sources */ = {
			isa = PBXSourcesBuildPhase;
			buildActionMask = 2147483647;
			files = (
				D5F2D0EE1CBB752B00FBD289 /* _0160411001_RYLotteryUITests.m in Sources */,
			);
			runOnlyForDeploymentPostprocessing = 0;
		};
/* End PBXSourcesBuildPhase section */

/* Begin PBXTargetDependency section */
		D5F2D0E01CBB752B00FBD289 /* PBXTargetDependency */ = {
			isa = PBXTargetDependency;
			target = D5F2D0C41CBB752B00FBD289 /* 20160411001-RYLottery */;
			targetProxy = D5F2D0DF1CBB752B00FBD289 /* PBXContainerItemProxy */;
		};
		D5F2D0EB1CBB752B00FBD289 /* PBXTargetDependency */ = {
			isa = PBXTargetDependency;
			target = D5F2D0C41CBB752B00FBD289 /* 20160411001-RYLottery */;
			targetProxy = D5F2D0EA1CBB752B00FBD289 /* PBXContainerItemProxy */;
		};
/* End PBXTargetDependency section */

/* Begin PBXVariantGroup section */
		D5F2D0D61CBB752B00FBD289 /* LaunchScreen.storyboard */ = {
			isa = PBXVariantGroup;
			children = (
				D5F2D0D71CBB752B00FBD289 /* Base */,
			);
			name = LaunchScreen.storyboard;
			sourceTree = "<group>";
		};
/* End PBXVariantGroup section */

/* Begin XCBuildConfiguration section */
		D5F2D0F01CBB752B00FBD289 /* Debug */ = {
			isa = XCBuildConfiguration;
			buildSettings = {
				ALWAYS_SEARCH_USER_PATHS = NO;
				CLANG_ANALYZER_NONNULL = YES;
				CLANG_CXX_LANGUAGE_STANDARD = "gnu++0x";
				CLANG_CXX_LIBRARY = "libc++";
				CLANG_ENABLE_MODULES = YES;
				CLANG_ENABLE_OBJC_ARC = YES;
				CLANG_WARN_BOOL_CONVERSION = YES;
				CLANG_WARN_CONSTANT_CONVERSION = YES;
				CLANG_WARN_DIRECT_OBJC_ISA_USAGE = YES_ERROR;
				CLANG_WARN_EMPTY_BODY = YES;
				CLANG_WARN_ENUM_CONVERSION = YES;
				CLANG_WARN_INT_CONVERSION = YES;
				CLANG_WARN_OBJC_ROOT_CLASS = YES_ERROR;
				CLANG_WARN_UNREACHABLE_CODE = YES;
				CLANG_WARN__DUPLICATE_METHOD_MATCH = YES;
				"CODE_SIGN_IDENTITY[sdk=iphoneos*]" = "iPhone Developer";
				COPY_PHASE_STRIP = NO;
				DEBUG_INFORMATION_FORMAT = dwarf;
				ENABLE_STRICT_OBJC_MSGSEND = YES;
				ENABLE_TESTABILITY = YES;
				GCC_C_LANGUAGE_STANDARD = gnu99;
				GCC_DYNAMIC_NO_PIC = NO;
				GCC_NO_COMMON_BLOCKS = YES;
				GCC_OPTIMIZATION_LEVEL = 0;
				GCC_PREPROCESSOR_DEFINITIONS = (
					"DEBUG=1",
					"$(inherited)",
				);
				GCC_WARN_64_TO_32_BIT_CONVERSION = YES;
				GCC_WARN_ABOUT_RETURN_TYPE = YES_ERROR;
				GCC_WARN_UNDECLARED_SELECTOR = YES;
				GCC_WARN_UNINITIALIZED_AUTOS = YES_AGGRESSIVE;
				GCC_WARN_UNUSED_FUNCTION = YES;
				GCC_WARN_UNUSED_VARIABLE = YES;
				IPHONEOS_DEPLOYMENT_TARGET = 9.3;
				MTL_ENABLE_DEBUG_INFO = YES;
				ONLY_ACTIVE_ARCH = YES;
				SDKROOT = iphoneos;
			};
			name = Debug;
		};
		D5F2D0F11CBB752B00FBD289 /* Release */ = {
			isa = XCBuildConfiguration;
			buildSettings = {
				ALWAYS_SEARCH_USER_PATHS = NO;
				CLANG_ANALYZER_NONNULL = YES;
				CLANG_CXX_LANGUAGE_STANDARD = "gnu++0x";
				CLANG_CXX_LIBRARY = "libc++";
				CLANG_ENABLE_MODULES = YES;
				CLANG_ENABLE_OBJC_ARC = YES;
				CLANG_WARN_BOOL_CONVERSION = YES;
				CLANG_WARN_CONSTANT_CONVERSION = YES;
				CLANG_WARN_DIRECT_OBJC_ISA_USAGE = YES_ERROR;
				CLANG_WARN_EMPTY_BODY = YES;
				CLANG_WARN_ENUM_CONVERSION = YES;
				CLANG_WARN_INT_CONVERSION = YES;
				CLANG_WARN_OBJC_ROOT_CLASS = YES_ERROR;
				CLANG_WARN_UNREACHABLE_CODE = YES;
				CLANG_WARN__DUPLICATE_METHOD_MATCH = YES;
				"CODE_SIGN_IDENTITY[sdk=iphoneos*]" = "iPhone Developer";
				COPY_PHASE_STRIP = NO;
				DEBUG_INFORMATION_FORMAT = "dwarf-with-dsym";
				ENABLE_NS_ASSERTIONS = NO;
				ENABLE_STRICT_OBJC_MSGSEND = YES;
				GCC_C_LANGUAGE_STANDARD = gnu99;
				GCC_NO_COMMON_BLOCKS = YES;
				GCC_WARN_64_TO_32_BIT_CONVERSION = YES;
				GCC_WARN_ABOUT_RETURN_TYPE = YES_ERROR;
				GCC_WARN_UNDECLARED_SELECTOR = YES;
				GCC_WARN_UNINITIALIZED_AUTOS = YES_AGGRESSIVE;
				GCC_WARN_UNUSED_FUNCTION = YES;
				GCC_WARN_UNUSED_VARIABLE = YES;
				IPHONEOS_DEPLOYMENT_TARGET = 9.3;
				MTL_ENABLE_DEBUG_INFO = NO;
				SDKROOT = iphoneos;
				VALIDATE_PRODUCT = YES;
			};
			name = Release;
		};
		D5F2D0F31CBB752B00FBD289 /* Debug */ = {
			isa = XCBuildConfiguration;
			buildSettings = {
				ASSETCATALOG_COMPILER_APPICON_NAME = AppIcon;
				GCC_PRECOMPILE_PREFIX_HEADER = YES;
				GCC_PREFIX_HEADER = "20160411001-RYLottery/Classes/Macro/LotteryPrefix.pch";
				INFOPLIST_FILE = "20160411001-RYLottery/Classes/Application/Info.plist";
				IPHONEOS_DEPLOYMENT_TARGET = 7.0;
				LD_RUNPATH_SEARCH_PATHS = "$(inherited) @executable_path/Frameworks";
				PRODUCT_BUNDLE_IDENTIFIER = "com.rainer.-0160411001-RYLottery";
				PRODUCT_NAME = "$(TARGET_NAME)";
			};
			name = Debug;
		};
		D5F2D0F41CBB752B00FBD289 /* Release */ = {
			isa = XCBuildConfiguration;
			buildSettings = {
				ASSETCATALOG_COMPILER_APPICON_NAME = AppIcon;
				GCC_PRECOMPILE_PREFIX_HEADER = YES;
				GCC_PREFIX_HEADER = "20160411001-RYLottery/Classes/Macro/LotteryPrefix.pch";
				INFOPLIST_FILE = "20160411001-RYLottery/Classes/Application/Info.plist";
				IPHONEOS_DEPLOYMENT_TARGET = 7.0;
				LD_RUNPATH_SEARCH_PATHS = "$(inherited) @executable_path/Frameworks";
				PRODUCT_BUNDLE_IDENTIFIER = "com.rainer.-0160411001-RYLottery";
				PRODUCT_NAME = "$(TARGET_NAME)";
			};
			name = Release;
		};
		D5F2D0F61CBB752B00FBD289 /* Debug */ = {
			isa = XCBuildConfiguration;
			buildSettings = {
				BUNDLE_LOADER = "$(TEST_HOST)";
				INFOPLIST_FILE = "20160411001-RYLotteryTests/Info.plist";
				LD_RUNPATH_SEARCH_PATHS = "$(inherited) @executable_path/Frameworks @loader_path/Frameworks";
				PRODUCT_BUNDLE_IDENTIFIER = "com.rainer.-0160411001-RYLotteryTests";
				PRODUCT_NAME = "$(TARGET_NAME)";
				TEST_HOST = "$(BUILT_PRODUCTS_DIR)/20160411001-RYLottery.app/20160411001-RYLottery";
			};
			name = Debug;
		};
		D5F2D0F71CBB752B00FBD289 /* Release */ = {
			isa = XCBuildConfiguration;
			buildSettings = {
				BUNDLE_LOADER = "$(TEST_HOST)";
				INFOPLIST_FILE = "20160411001-RYLotteryTests/Info.plist";
				LD_RUNPATH_SEARCH_PATHS = "$(inherited) @executable_path/Frameworks @loader_path/Frameworks";
				PRODUCT_BUNDLE_IDENTIFIER = "com.rainer.-0160411001-RYLotteryTests";
				PRODUCT_NAME = "$(TARGET_NAME)";
				TEST_HOST = "$(BUILT_PRODUCTS_DIR)/20160411001-RYLottery.app/20160411001-RYLottery";
			};
			name = Release;
		};
		D5F2D0F91CBB752B00FBD289 /* Debug */ = {
			isa = XCBuildConfiguration;
			buildSettings = {
				INFOPLIST_FILE = "20160411001-RYLotteryUITests/Info.plist";
				LD_RUNPATH_SEARCH_PATHS = "$(inherited) @executable_path/Frameworks @loader_path/Frameworks";
				PRODUCT_BUNDLE_IDENTIFIER = "com.rainer.-0160411001-RYLotteryUITests";
				PRODUCT_NAME = "$(TARGET_NAME)";
				TEST_TARGET_NAME = "20160411001-RYLottery";
			};
			name = Debug;
		};
		D5F2D0FA1CBB752B00FBD289 /* Release */ = {
			isa = XCBuildConfiguration;
			buildSettings = {
				INFOPLIST_FILE = "20160411001-RYLotteryUITests/Info.plist";
				LD_RUNPATH_SEARCH_PATHS = "$(inherited) @executable_path/Frameworks @loader_path/Frameworks";
				PRODUCT_BUNDLE_IDENTIFIER = "com.rainer.-0160411001-RYLotteryUITests";
				PRODUCT_NAME = "$(TARGET_NAME)";
				TEST_TARGET_NAME = "20160411001-RYLottery";
			};
			name = Release;
		};
/* End XCBuildConfiguration section */

/* Begin XCConfigurationList section */
		D5F2D0C01CBB752B00FBD289 /* Build configuration list for PBXProject "20160411001-RYLottery" */ = {
			isa = XCConfigurationList;
			buildConfigurations = (
				D5F2D0F01CBB752B00FBD289 /* Debug */,
				D5F2D0F11CBB752B00FBD289 /* Release */,
			);
			defaultConfigurationIsVisible = 0;
			defaultConfigurationName = Release;
		};
		D5F2D0F21CBB752B00FBD289 /* Build configuration list for PBXNativeTarget "20160411001-RYLottery" */ = {
			isa = XCConfigurationList;
			buildConfigurations = (
				D5F2D0F31CBB752B00FBD289 /* Debug */,
				D5F2D0F41CBB752B00FBD289 /* Release */,
			);
			defaultConfigurationIsVisible = 0;
			defaultConfigurationName = Release;
		};
		D5F2D0F51CBB752B00FBD289 /* Build configuration list for PBXNativeTarget "20160411001-RYLotteryTests" */ = {
			isa = XCConfigurationList;
			buildConfigurations = (
				D5F2D0F61CBB752B00FBD289 /* Debug */,
				D5F2D0F71CBB752B00FBD289 /* Release */,
			);
			defaultConfigurationIsVisible = 0;
			defaultConfigurationName = Release;
		};
		D5F2D0F81CBB752B00FBD289 /* Build configuration list for PBXNativeTarget "20160411001-RYLotteryUITests" */ = {
			isa = XCConfigurationList;
			buildConfigurations = (
				D5F2D0F91CBB752B00FBD289 /* Debug */,
				D5F2D0FA1CBB752B00FBD289 /* Release */,
			);
			defaultConfigurationIsVisible = 0;
			defaultConfigurationName = Release;
		};
/* End XCConfigurationList section */
	};
	rootObject = D5F2D0BD1CBB752B00FBD289 /* Project object */;
}
