// !$*UTF8*$!
{
	archiveVersion = 1;
	classes = {
	};
	objectVersion = 46;
	objects = {

/* Begin PBXBuildFile section */
		D5F2D0CA1CBB752B00FBD289 /* main.m in Sources */ = {isa = PBXBuildFile; fileRef = D5F2D0C91CBB752B00FBD289 /* main.m */; };
		D5F2D0CD1CBB752B00FBD289 /* AppDelegate.m in Sources */ = {isa = PBXBuildFile; fileRef = D5F2D0CC1CBB752B00FBD289 /* AppDelegate.m */; };
		D5F2D0D01CBB752B00FBD289 /* ViewController.m in Sources */ = {isa = PBXBuildFile; fileRef = D5F2D0CF1CBB752B00FBD289 /* ViewController.m */; };
		D5F2D0D31CBB752B00FBD289 /* Main.storyboard in Resources */ = {isa = PBXBuildFile; fileRef = D5F2D0D11CBB752B00FBD289 /* Main.storyboard */; };
		D5F2D0D51CBB752B00FBD289 /* Assets.xcassets in Resources */ = {isa = PBXBuildFile; fileRef = D5F2D0D41CBB752B00FBD289 /* Assets.xcassets */; };
		D5F2D0D81CBB752B00FBD289 /* LaunchScreen.storyboard in Resources */ = {isa = PBXBuildFile; fileRef = D5F2D0D61CBB752B00FBD289 /* LaunchScreen.storyboard */; };
		D5F2D0E31CBB752B00FBD289 /* _0160411001_RYLotteryTests.m in Sources */ = {isa = PBXBuildFile; fileRef = D5F2D0E21CBB752B00FBD289 /* _0160411001_RYLotteryTests.m */; };
		D5F2D0EE1CBB752B00FBD289 /* _0160411001_RYLotteryUITests.m in Sources */ = {isa = PBXBuildFile; fileRef = D5F2D0ED1CBB752B00FBD289 /* _0160411001_RYLotteryUITests.m */; };
/* End PBXBuildFile section */

/* Begin PBXContainerItemProxy section */
		D5F2D0DF1CBB752B00FBD289 /* PBXContainerItemProxy */ = {
			isa = PBXContainerItemProxy;
			containerPortal = D5F2D0BD1CBB752B00FBD289 /* Project object */;
			proxyType = 1;
			remoteGlobalIDString = D5F2D0C41CBB752B00FBD289;
			remoteInfo = "20160411001-RYLottery";
		};
		D5F2D0EA1CBB752B00FBD289 /* PBXContainerItemProxy */ = {
			isa = PBXContainerItemProxy;
			containerPortal = D5F2D0BD1CBB752B00FBD289 /* Project object */;
			proxyType = 1;
			remoteGlobalIDString = D5F2D0C41CBB752B00FBD289;
			remoteInfo = "20160411001-RYLottery";
		};
/* End PBXContainerItemProxy section */

/* Begin PBXFileReference section */
		D5F2D0C51CBB752B00FBD289 /* 20160411001-RYLottery.app */ = {isa = PBXFileReference; explicitFileType = wrapper.application; includeInIndex = 0; path = "20160411001-RYLottery.app"; sourceTree = BUILT_PRODUCTS_DIR; };
		D5F2D0C91CBB752B00FBD289 /* main.m */ = {isa = PBXFileReference; lastKnownFileType = sourcecode.c.objc; path = main.m; sourceTree = "<group>"; };
		D5F2D0CB1CBB752B00FBD289 /* AppDelegate.h */ = {isa = PBXFileReference; lastKnownFileType = sourcecode.c.h; path = AppDelegate.h; sourceTree = "<group>"; };
		D5F2D0CC1CBB752B00FBD289 /* AppDelegate.m */ = {isa = PBXFileReference; lastKnownFileType = sourcecode.c.objc; path = AppDelegate.m; sourceTree = "<group>"; };
		D5F2D0CE1CBB752B00FBD289 /* ViewController.h */ = {isa = PBXFileReference; lastKnownFileType = sourcecode.c.h; path = ViewController.h; sourceTree = "<group>"; };
		D5F2D0CF1CBB752B00FBD289 /* ViewController.m */ = {isa = PBXFileReference; lastKnownFileType = sourcecode.c.objc; path = ViewController.m; sourceTree = "<group>"; };
		D5F2D0D21CBB752B00FBD289 /* Base */ = {isa = PBXFileReference; lastKnownFileType = file.storyboard; name = Base; path = Base.lproj/Main.storyboard; sourceTree = "<group>"; };
		D5F2D0D41CBB752B00FBD289 /* Assets.xcassets */ = {isa = PBXFileReference; lastKnownFileType = folder.assetcatalog; path = Assets.xcassets; sourceTree = "<group>"; };
		D5F2D0D71CBB752B00FBD289 /* Base */ = {isa = PBXFileReference; lastKnownFileType = file.storyboard; name = Base; path = Base.lproj/LaunchScreen.storyboard; sourceTree = "<group>"; };
		D5F2D0D91CBB752B00FBD289 /* Info.plist */ = {isa = PBXFileReference; lastKnownFileType = text.plist.xml; path = Info.plist; sourceTree = "<group>"; };
		D5F2D0DE1CBB752B00FBD289 /* 20160411001-RYLotteryTests.xctest */ = {isa = PBXFileReference; explicitFileType = wrapper.cfbundle; includeInIndex = 0; path = "20160411001-RYLotteryTests.xctest"; sourceTree = BUILT_PRODUCTS_DIR; };
		D5F2D0E21CBB752B00FBD289 /* _0160411001_RYLotteryTests.m */ = {isa = PBXFileReference; lastKnownFileType = sourcecode.c.objc; path = _0160411001_RYLotteryTests.m; sourceTree = "<group>"; };
		D5F2D0E41CBB752B00FBD289 /* Info.plist */ = {isa = PBXFileReference; lastKnownFileType = text.plist.xml; path = Info.plist; sourceTree = "<group>"; };
		D5F2D0E91CBB752B00FBD289 /* 20160411001-RYLotteryUITests.xctest */ = {isa = PBXFileReference; explicitFileType = wrapper.cfbundle; includeInIndex = 0; path = "20160411001-RYLotteryUITests.xctest"; sourceTree = BUILT_PRODUCTS_DIR; };
		D5F2D0ED1CBB752B00FBD289 /* _0160411001_RYLotteryUITests.m */ = {isa = PBXFileReference; lastKnownFileType = sourcecode.c.objc; path = _0160411001_RYLotteryUITests.m; sourceTree = "<group>"; };
		D5F2D0EF1CBB752B00FBD289 /* Info.plist */ = {isa = PBXFileReference; lastKnownFileType = text.plist.xml; path = Info.plist; sourceTree = "<group>"; };
/* End PBXFileReference section */

/* Begin PBXFrameworksBuildPhase section */
		D5F2D0C21CBB752B00FBD289 /* Frameworks */ = {
			isa = PBXFrameworksBuildPhase;
			buildActionMask = 2147483647;
			files = (
			);
			runOnlyForDeploymentPostprocessing = 0;
		};
		D5F2D0DB1CBB752B00FBD289 /* Frameworks */ = {
			isa = PBXFrameworksBuildPhase;
			buildActionMask = 2147483647;
			files = (
			);
			runOnlyForDeploymentPostprocessing = 0;
		};
		D5F2D0E61CBB752B00FBD289 /* Frameworks */ = {
			isa = PBXFrameworksBuildPhase;
			buildActionMask = 2147483647;
			files = (
			);
			runOnlyForDeploymentPostprocessing = 0;
		};
/* End PBXFrameworksBuildPhase section */

/* Begin PBXGroup section */
		D5F2D0BC1CBB752B00FBD289 = {
			isa = PBXGroup;
			children = (
				D5F2D0C71CBB752B00FBD289 /* 20160411001-RYLottery */,
				D5F2D0E11CBB752B00FBD289 /* 20160411001-RYLotteryTests */,
				D5F2D0EC1CBB752B00FBD289 /* 20160411001-RYLotteryUITests */,
				D5F2D0C61CBB752B00FBD289 /* Products */,
			);
			sourceTree = "<group>";
		};
		D5F2D0C61CBB752B00FBD289 /* Products */ = {
			isa = PBXGroup;
			children = (
				D5F2D0C51CBB752B00FBD289 /* 20160411001-RYLottery.app */,
				D5F2D0DE1CBB752B00FBD289 /* 20160411001-RYLotteryTests.xctest */,
				D5F2D0E91CBB752B00FBD289 /* 20160411001-RYLotteryUITests.xctest */,
			);
			name = Products;
			sourceTree = "<group>";
		};
		D5F2D0C71CBB752B00FBD289 /* 20160411001-RYLottery */ = {
			isa = PBXGroup;
			children = (
				D5F2D0CB1CBB752B00FBD289 /* AppDelegate.h */,
				D5F2D0CC1CBB752B00FBD289 /* AppDelegate.m */,
				D5F2D0CE1CBB752B00FBD289 /* ViewController.h */,
				D5F2D0CF1CBB752B00FBD289 /* ViewController.m */,
				D5F2D0D11CBB752B00FBD289 /* Main.storyboard */,
				D5F2D0D41CBB752B00FBD289 /* Assets.xcassets */,
				D5F2D0D61CBB752B00FBD289 /* LaunchScreen.storyboard */,
				D5F2D0D91CBB752B00FBD289 /* Info.plist */,
				D5F2D0C81CBB752B00FBD289 /* Supporting Files */,
			);
			path = "20160411001-RYLottery";
			sourceTree = "<group>";
		};
		D5F2D0C81CBB752B00FBD289 /* Supporting Files */ = {
			isa = PBXGroup;
			children = (
				D5F2D0C91CBB752B00FBD289 /* main.m */,
			);
			name = "Supporting Files";
			sourceTree = "<group>";
		};
		D5F2D0E11CBB752B00FBD289 /* 20160411001-RYLotteryTests */ = {
			isa = PBXGroup;
			children = (
				D5F2D0E21CBB752B00FBD289 /* _0160411001_RYLotteryTests.m */,
				D5F2D0E41CBB752B00FBD289 /* Info.plist */,
			);
			path = "20160411001-RYLotteryTests";
			sourceTree = "<group>";
		};
		D5F2D0EC1CBB752B00FBD289 /* 20160411001-RYLotteryUITests */ = {
			isa = PBXGroup;
			children = (
				D5F2D0ED1CBB752B00FBD289 /* _0160411001_RYLotteryUITests.m */,
				D5F2D0EF1CBB752B00FBD289 /* Info.plist */,
			);
			path = "20160411001-RYLotteryUITests";
			sourceTree = "<group>";
		};
/* End PBXGroup section */

/* Begin PBXNativeTarget section */
		D5F2D0C41CBB752B00FBD289 /* 20160411001-RYLottery */ = {
			isa = PBXNativeTarget;
			buildConfigurationList = D5F2D0F21CBB752B00FBD289 /* Build configuration list for PBXNativeTarget "20160411001-RYLottery" */;
			buildPhases = (
				D5F2D0C11CBB752B00FBD289 /* Sources */,
				D5F2D0C21CBB752B00FBD289 /* Frameworks */,
				D5F2D0C31CBB752B00FBD289 /* Resources */,
			);
			buildRules = (
			);
			dependencies = (
			);
			name = "20160411001-RYLottery";
			productName = "20160411001-RYLottery";
			productReference = D5F2D0C51CBB752B00FBD289 /* 20160411001-RYLottery.app */;
			productType = "com.apple.product-type.application";
		};
		D5F2D0DD1CBB752B00FBD289 /* 20160411001-RYLotteryTests */ = {
			isa = PBXNativeTarget;
			buildConfigurationList = D5F2D0F51CBB752B00FBD289 /* Build configuration list for PBXNativeTarget "20160411001-RYLotteryTests" */;
			buildPhases = (
				D5F2D0DA1CBB752B00FBD289 /* Sources */,
				D5F2D0DB1CBB752B00FBD289 /* Frameworks */,
				D5F2D0DC1CBB752B00FBD289 /* Resources */,
			);
			buildRules = (
			);
			dependencies = (
				D5F2D0E01CBB752B00FBD289 /* PBXTargetDependency */,
			);
			name = "20160411001-RYLotteryTests";
			productName = "20160411001-RYLotteryTests";
			productReference = D5F2D0DE1CBB752B00FBD289 /* 20160411001-RYLotteryTests.xctest */;
			productType = "com.apple.product-type.bundle.unit-test";
		};
		D5F2D0E81CBB752B00FBD289 /* 20160411001-RYLotteryUITests */ = {
			isa = PBXNativeTarget;
			buildConfigurationList = D5F2D0F81CBB752B00FBD289 /* Build configuration list for PBXNativeTarget "20160411001-RYLotteryUITests" */;
			buildPhases = (
				D5F2D0E51CBB752B00FBD289 /* Sources */,
				D5F2D0E61CBB752B00FBD289 /* Frameworks */,
				D5F2D0E71CBB752B00FBD289 /* Resources */,
			);
			buildRules = (
			);
			dependencies = (
				D5F2D0EB1CBB752B00FBD289 /* PBXTargetDependency */,
			);
			name = "20160411001-RYLotteryUITests";
			productName = "20160411001-RYLotteryUITests";
			productReference = D5F2D0E91CBB752B00FBD289 /* 20160411001-RYLotteryUITests.xctest */;
			productType = "com.apple.product-type.bundle.ui-testing";
		};
/* End PBXNativeTarget section */

/* Begin PBXProject section */
		D5F2D0BD1CBB752B00FBD289 /* Project object */ = {
			isa = PBXProject;
			attributes = {
				LastUpgradeCheck = 0730;
				ORGANIZATIONNAME = Rainer;
				TargetAttributes = {
					D5F2D0C41CBB752B00FBD289 = {
						CreatedOnToolsVersion = 7.3;
					};
					D5F2D0DD1CBB752B00FBD289 = {
						CreatedOnToolsVersion = 7.3;
						TestTargetID = D5F2D0C41CBB752B00FBD289;
					};
					D5F2D0E81CBB752B00FBD289 = {
						CreatedOnToolsVersion = 7.3;
						TestTargetID = D5F2D0C41CBB752B00FBD289;
					};
				};
			};
			buildConfigurationList = D5F2D0C01CBB752B00FBD289 /* Build configuration list for PBXProject "20160411001-RYLottery" */;
			compatibilityVersion = "Xcode 3.2";
			developmentRegion = English;
			hasScannedForEncodings = 0;
			knownRegions = (
				en,
				Base,
			);
			mainGroup = D5F2D0BC1CBB752B00FBD289;
			productRefGroup = D5F2D0C61CBB752B00FBD289 /* Products */;
			projectDirPath = "";
			projectRoot = "";
			targets = (
				D5F2D0C41CBB752B00FBD289 /* 20160411001-RYLottery */,
				D5F2D0DD1CBB752B00FBD289 /* 20160411001-RYLotteryTests */,
				D5F2D0E81CBB752B00FBD289 /* 20160411001-RYLotteryUITests */,
			);
		};
/* End PBXProject section */

/* Begin PBXResourcesBuildPhase section */
		D5F2D0C31CBB752B00FBD289 /* Resources */ = {
			isa = PBXResourcesBuildPhase;
			buildActionMask = 2147483647;
			files = (
				D5F2D0D81CBB752B00FBD289 /* LaunchScreen.storyboard in Resources */,
				D5F2D0D51CBB752B00FBD289 /* Assets.xcassets in Resources */,
				D5F2D0D31CBB752B00FBD289 /* Main.storyboard in Resources */,
			);
			runOnlyForDeploymentPostprocessing = 0;
		};
		D5F2D0DC1CBB752B00FBD289 /* Resources */ = {
			isa = PBXResourcesBuildPhase;
			buildActionMask = 2147483647;
			files = (
			);
			runOnlyForDeploymentPostprocessing = 0;
		};
		D5F2D0E71CBB752B00FBD289 /* Resources */ = {
			isa = PBXResourcesBuildPhase;
			buildActionMask = 2147483647;
			files = (
			);
			runOnlyForDeploymentPostprocessing = 0;
		};
/* End PBXResourcesBuildPhase section */

/* Begin PBXSourcesBuildPhase section */
		D5F2D0C11CBB752B00FBD289 /* Sources */ = {
			isa = PBXSourcesBuildPhase;
			buildActionMask = 2147483647;
			files = (
				D5F2D0D01CBB752B00FBD289 /* ViewController.m in Sources */,
				D5F2D0CD1CBB752B00FBD289 /* AppDelegate.m in Sources */,
				D5F2D0CA1CBB752B00FBD289 /* main.m in Sources */,
			);
			runOnlyForDeploymentPostprocessing = 0;
		};
		D5F2D0DA1CBB752B00FBD289 /* Sources */ = {
			isa = PBXSourcesBuildPhase;
			buildActionMask = 2147483647;
			files = (
				D5F2D0E31CBB752B00FBD289 /* _0160411001_RYLotteryTests.m in Sources */,
			);
			runOnlyForDeploymentPostprocessing = 0;
		};
		D5F2D0E51CBB752B00FBD289 /* Sources */ = {
			isa = PBXSourcesBuildPhase;
			buildActionMask = 2147483647;
			files = (
				D5F2D0EE1CBB752B00FBD289 /* _0160411001_RYLotteryUITests.m in Sources */,
			);
			runOnlyForDeploymentPostprocessing = 0;
		};
/* End PBXSourcesBuildPhase section */

/* Begin PBXTargetDependency section */
		D5F2D0E01CBB752B00FBD289 /* PBXTargetDependency */ = {
			isa = PBXTargetDependency;
			target = D5F2D0C41CBB752B00FBD289 /* 20160411001-RYLottery */;
			targetProxy = D5F2D0DF1CBB752B00FBD289 /* PBXContainerItemProxy */;
		};
		D5F2D0EB1CBB752B00FBD289 /* PBXTargetDependency */ = {
			isa = PBXTargetDependency;
			target = D5F2D0C41CBB752B00FBD289 /* 20160411001-RYLottery */;
			targetProxy = D5F2D0EA1CBB752B00FBD289 /* PBXContainerItemProxy */;
		};
/* End PBXTargetDependency section */

/* Begin PBXVariantGroup section */
		D5F2D0D11CBB752B00FBD289 /* Main.storyboard */ = {
			isa = PBXVariantGroup;
			children = (
				D5F2D0D21CBB752B00FBD289 /* Base */,
			);
			name = Main.storyboard;
			sourceTree = "<group>";
		};
		D5F2D0D61CBB752B00FBD289 /* LaunchScreen.storyboard */ = {
			isa = PBXVariantGroup;
			children = (
				D5F2D0D71CBB752B00FBD289 /* Base */,
			);
			name = LaunchScreen.storyboard;
			sourceTree = "<group>";
		};
/* End PBXVariantGroup section */

/* Begin XCBuildConfiguration section */
		D5F2D0F01CBB752B00FBD289 /* Debug */ = {
			isa = XCBuildConfiguration;
			buildSettings = {
				ALWAYS_SEARCH_USER_PATHS = NO;
				CLANG_ANALYZER_NONNULL = YES;
				CLANG_CXX_LANGUAGE_STANDARD = "gnu++0x";
				CLANG_CXX_LIBRARY = "libc++";
				CLANG_ENABLE_MODULES = YES;
				CLANG_ENABLE_OBJC_ARC = YES;
				CLANG_WARN_BOOL_CONVERSION = YES;
				CLANG_WARN_CONSTANT_CONVERSION = YES;
				CLANG_WARN_DIRECT_OBJC_ISA_USAGE = YES_ERROR;
				CLANG_WARN_EMPTY_BODY = YES;
				CLANG_WARN_ENUM_CONVERSION = YES;
				CLANG_WARN_INT_CONVERSION = YES;
				CLANG_WARN_OBJC_ROOT_CLASS = YES_ERROR;
				CLANG_WARN_UNREACHABLE_CODE = YES;
				CLANG_WARN__DUPLICATE_METHOD_MATCH = YES;
				"CODE_SIGN_IDENTITY[sdk=iphoneos*]" = "iPhone Developer";
				COPY_PHASE_STRIP = NO;
				DEBUG_INFORMATION_FORMAT = dwarf;
				ENABLE_STRICT_OBJC_MSGSEND = YES;
				ENABLE_TESTABILITY = YES;
				GCC_C_LANGUAGE_STANDARD = gnu99;
				GCC_DYNAMIC_NO_PIC = NO;
				GCC_NO_COMMON_BLOCKS = YES;
				GCC_OPTIMIZATION_LEVEL = 0;
				GCC_PREPROCESSOR_DEFINITIONS = (
					"DEBUG=1",
					"$(inherited)",
				);
				GCC_WARN_64_TO_32_BIT_CONVERSION = YES;
				GCC_WARN_ABOUT_RETURN_TYPE = YES_ERROR;
				GCC_WARN_UNDECLARED_SELECTOR = YES;
				GCC_WARN_UNINITIALIZED_AUTOS = YES_AGGRESSIVE;
				GCC_WARN_UNUSED_FUNCTION = YES;
				GCC_WARN_UNUSED_VARIABLE = YES;
				IPHONEOS_DEPLOYMENT_TARGET = 9.3;
				MTL_ENABLE_DEBUG_INFO = YES;
				ONLY_ACTIVE_ARCH = YES;
				SDKROOT = iphoneos;
			};
			name = Debug;
		};
		D5F2D0F11CBB752B00FBD289 /* Release */ = {
			isa = XCBuildConfiguration;
			buildSettings = {
				ALWAYS_SEARCH_USER_PATHS = NO;
				CLANG_ANALYZER_NONNULL = YES;
				CLANG_CXX_LANGUAGE_STANDARD = "gnu++0x";
				CLANG_CXX_LIBRARY = "libc++";
				CLANG_ENABLE_MODULES = YES;
				CLANG_ENABLE_OBJC_ARC = YES;
				CLANG_WARN_BOOL_CONVERSION = YES;
				CLANG_WARN_CONSTANT_CONVERSION = YES;
				CLANG_WARN_DIRECT_OBJC_ISA_USAGE = YES_ERROR;
				CLANG_WARN_EMPTY_BODY = YES;
				CLANG_WARN_ENUM_CONVERSION = YES;
				CLANG_WARN_INT_CONVERSION = YES;
				CLANG_WARN_OBJC_ROOT_CLASS = YES_ERROR;
				CLANG_WARN_UNREACHABLE_CODE = YES;
				CLANG_WARN__DUPLICATE_METHOD_MATCH = YES;
				"CODE_SIGN_IDENTITY[sdk=iphoneos*]" = "iPhone Developer";
				COPY_PHASE_STRIP = NO;
				DEBUG_INFORMATION_FORMAT = "dwarf-with-dsym";
				ENABLE_NS_ASSERTIONS = NO;
				ENABLE_STRICT_OBJC_MSGSEND = YES;
				GCC_C_LANGUAGE_STANDARD = gnu99;
				GCC_NO_COMMON_BLOCKS = YES;
				GCC_WARN_64_TO_32_BIT_CONVERSION = YES;
				GCC_WARN_ABOUT_RETURN_TYPE = YES_ERROR;
				GCC_WARN_UNDECLARED_SELECTOR = YES;
				GCC_WARN_UNINITIALIZED_AUTOS = YES_AGGRESSIVE;
				GCC_WARN_UNUSED_FUNCTION = YES;
				GCC_WARN_UNUSED_VARIABLE = YES;
				IPHONEOS_DEPLOYMENT_TARGET = 9.3;
				MTL_ENABLE_DEBUG_INFO = NO;
				SDKROOT = iphoneos;
				VALIDATE_PRODUCT = YES;
			};
			name = Release;
		};
		D5F2D0F31CBB752B00FBD289 /* Debug */ = {
			isa = XCBuildConfiguration;
			buildSettings = {
				ASSETCATALOG_COMPILER_APPICON_NAME = AppIcon;
				INFOPLIST_FILE = "20160411001-RYLottery/Info.plist";
				LD_RUNPATH_SEARCH_PATHS = "$(inherited) @executable_path/Frameworks";
				PRODUCT_BUNDLE_IDENTIFIER = "com.rainer.-0160411001-RYLottery";
				PRODUCT_NAME = "$(TARGET_NAME)";
			};
			name = Debug;
		};
		D5F2D0F41CBB752B00FBD289 /* Release */ = {
			isa = XCBuildConfiguration;
			buildSettings = {
				ASSETCATALOG_COMPILER_APPICON_NAME = AppIcon;
				INFOPLIST_FILE = "20160411001-RYLottery/Info.plist";
				LD_RUNPATH_SEARCH_PATHS = "$(inherited) @executable_path/Frameworks";
				PRODUCT_BUNDLE_IDENTIFIER = "com.rainer.-0160411001-RYLottery";
				PRODUCT_NAME = "$(TARGET_NAME)";
			};
			name = Release;
		};
		D5F2D0F61CBB752B00FBD289 /* Debug */ = {
			isa = XCBuildConfiguration;
			buildSettings = {
				BUNDLE_LOADER = "$(TEST_HOST)";
				INFOPLIST_FILE = "20160411001-RYLotteryTests/Info.plist";
				LD_RUNPATH_SEARCH_PATHS = "$(inherited) @executable_path/Frameworks @loader_path/Frameworks";
				PRODUCT_BUNDLE_IDENTIFIER = "com.rainer.-0160411001-RYLotteryTests";
				PRODUCT_NAME = "$(TARGET_NAME)";
				TEST_HOST = "$(BUILT_PRODUCTS_DIR)/20160411001-RYLottery.app/20160411001-RYLottery";
			};
			name = Debug;
		};
		D5F2D0F71CBB752B00FBD289 /* Release */ = {
			isa = XCBuildConfiguration;
			buildSettings = {
				BUNDLE_LOADER = "$(TEST_HOST)";
				INFOPLIST_FILE = "20160411001-RYLotteryTests/Info.plist";
				LD_RUNPATH_SEARCH_PATHS = "$(inherited) @executable_path/Frameworks @loader_path/Frameworks";
				PRODUCT_BUNDLE_IDENTIFIER = "com.rainer.-0160411001-RYLotteryTests";
				PRODUCT_NAME = "$(TARGET_NAME)";
				TEST_HOST = "$(BUILT_PRODUCTS_DIR)/20160411001-RYLottery.app/20160411001-RYLottery";
			};
			name = Release;
		};
		D5F2D0F91CBB752B00FBD289 /* Debug */ = {
			isa = XCBuildConfiguration;
			buildSettings = {
				INFOPLIST_FILE = "20160411001-RYLotteryUITests/Info.plist";
				LD_RUNPATH_SEARCH_PATHS = "$(inherited) @executable_path/Frameworks @loader_path/Frameworks";
				PRODUCT_BUNDLE_IDENTIFIER = "com.rainer.-0160411001-RYLotteryUITests";
				PRODUCT_NAME = "$(TARGET_NAME)";
				TEST_TARGET_NAME = "20160411001-RYLottery";
			};
			name = Debug;
		};
		D5F2D0FA1CBB752B00FBD289 /* Release */ = {
			isa = XCBuildConfiguration;
			buildSettings = {
				INFOPLIST_FILE = "20160411001-RYLotteryUITests/Info.plist";
				LD_RUNPATH_SEARCH_PATHS = "$(inherited) @executable_path/Frameworks @loader_path/Frameworks";
				PRODUCT_BUNDLE_IDENTIFIER = "com.rainer.-0160411001-RYLotteryUITests";
				PRODUCT_NAME = "$(TARGET_NAME)";
				TEST_TARGET_NAME = "20160411001-RYLottery";
			};
			name = Release;
		};
/* End XCBuildConfiguration section */

/* Begin XCConfigurationList section */
		D5F2D0C01CBB752B00FBD289 /* Build configuration list for PBXProject "20160411001-RYLottery" */ = {
			isa = XCConfigurationList;
			buildConfigurations = (
				D5F2D0F01CBB752B00FBD289 /* Debug */,
				D5F2D0F11CBB752B00FBD289 /* Release */,
			);
			defaultConfigurationIsVisible = 0;
			defaultConfigurationName = Release;
		};
		D5F2D0F21CBB752B00FBD289 /* Build configuration list for PBXNativeTarget "20160411001-RYLottery" */ = {
			isa = XCConfigurationList;
			buildConfigurations = (
				D5F2D0F31CBB752B00FBD289 /* Debug */,
				D5F2D0F41CBB752B00FBD289 /* Release */,
			);
			defaultConfigurationIsVisible = 0;
		};
		D5F2D0F51CBB752B00FBD289 /* Build configuration list for PBXNativeTarget "20160411001-RYLotteryTests" */ = {
			isa = XCConfigurationList;
			buildConfigurations = (
				D5F2D0F61CBB752B00FBD289 /* Debug */,
				D5F2D0F71CBB752B00FBD289 /* Release */,
			);
			defaultConfigurationIsVisible = 0;
		};
		D5F2D0F81CBB752B00FBD289 /* Build configuration list for PBXNativeTarget "20160411001-RYLotteryUITests" */ = {
			isa = XCConfigurationList;
			buildConfigurations = (
				D5F2D0F91CBB752B00FBD289 /* Debug */,
				D5F2D0FA1CBB752B00FBD289 /* Release */,
			);
			defaultConfigurationIsVisible = 0;
		};
/* End XCConfigurationList section */
	};
	rootObject = D5F2D0BD1CBB752B00FBD289 /* Project object */;
}
